// !$*UTF8*$!
{
	archiveVersion = 1;
	classes = {
	};
	objectVersion = 50;
	objects = {

/* Begin PBXBuildFile section */
		700248172340E59700112D2A /* mbedtls.m in Sources */ = {isa = PBXBuildFile; fileRef = 700248162340E59700112D2A /* mbedtls.m */; };
		700248182340E59700112D2A /* mbedtls.h in Copy Files */ = {isa = PBXBuildFile; fileRef = 700248152340E59700112D2A /* mbedtls.h */; };
		701F54932EC48FBB00BA01BE /* psa_crypto_pake.c in Sources */ = {isa = PBXBuildFile; fileRef = 701F545B2EC48FBB00BA01BE /* psa_crypto_pake.c */; };
		701F54942EC48FBB00BA01BE /* psa_crypto_storage.c in Sources */ = {isa = PBXBuildFile; fileRef = 701F54642EC48FBB00BA01BE /* psa_crypto_storage.c */; };
		701F54952EC48FBB00BA01BE /* ecp_curves.c in Sources */ = {isa = PBXBuildFile; fileRef = 701F54172EC48FBB00BA01BE /* ecp_curves.c */; };
		701F54962EC48FBB00BA01BE /* x509_crt.c in Sources */ = {isa = PBXBuildFile; fileRef = 701F548D2EC48FBB00BA01BE /* x509_crt.c */; };
		701F54972EC48FBB00BA01BE /* asn1write.c in Sources */ = {isa = PBXBuildFile; fileRef = 701F53EE2EC48FBB00BA01BE /* asn1write.c */; };
		701F54982EC48FBB00BA01BE /* ssl_cookie.c in Sources */ = {isa = PBXBuildFile; fileRef = 701F54762EC48FBB00BA01BE /* ssl_cookie.c */; };
		701F54992EC48FBB00BA01BE /* pk.c in Sources */ = {isa = PBXBuildFile; fileRef = 701F54372EC48FBB00BA01BE /* pk.c */; };
		701F549A2EC48FBB00BA01BE /* psa_crypto_hash.c in Sources */ = {isa = PBXBuildFile; fileRef = 701F54552EC48FBB00BA01BE /* psa_crypto_hash.c */; };
		701F549B2EC48FBB00BA01BE /* psa_crypto_cipher.c in Sources */ = {isa = PBXBuildFile; fileRef = 701F54492EC48FBB00BA01BE /* psa_crypto_cipher.c */; };
		701F549C2EC48FBB00BA01BE /* version_features.c in Sources */ = {isa = PBXBuildFile; fileRef = 701F54892EC48FBB00BA01BE /* version_features.c */; };
		701F549D2EC48FBB00BA01BE /* psa_crypto.c in Sources */ = {isa = PBXBuildFile; fileRef = 701F54452EC48FBB00BA01BE /* psa_crypto.c */; };
		701F549E2EC48FBB00BA01BE /* oid.c in Sources */ = {isa = PBXBuildFile; fileRef = 701F54332EC48FBB00BA01BE /* oid.c */; };
		701F549F2EC48FBB00BA01BE /* x509write_csr.c in Sources */ = {isa = PBXBuildFile; fileRef = 701F54922EC48FBB00BA01BE /* x509write_csr.c */; };
		701F54A02EC48FBB00BA01BE /* aes.c in Sources */ = {isa = PBXBuildFile; fileRef = 701F53E62EC48FBB00BA01BE /* aes.c */; };
		701F54A12EC48FBB00BA01BE /* nist_kw.c in Sources */ = {isa = PBXBuildFile; fileRef = 701F54322EC48FBB00BA01BE /* nist_kw.c */; };
		701F54A22EC48FBB00BA01BE /* pem.c in Sources */ = {isa = PBXBuildFile; fileRef = 701F54362EC48FBB00BA01BE /* pem.c */; };
		701F54A32EC48FBB00BA01BE /* ssl_tls13_server.c in Sources */ = {isa = PBXBuildFile; fileRef = 701F54842EC48FBB00BA01BE /* ssl_tls13_server.c */; };
		701F54A42EC48FBB00BA01BE /* dhm.c in Sources */ = {isa = PBXBuildFile; fileRef = 701F54122EC48FBB00BA01BE /* dhm.c */; };
		701F54A52EC48FBB00BA01BE /* x509write_crt.c in Sources */ = {isa = PBXBuildFile; fileRef = 701F54912EC48FBB00BA01BE /* x509write_crt.c */; };
		701F54A62EC48FBB00BA01BE /* ssl_tls13_keys.c in Sources */ = {isa = PBXBuildFile; fileRef = 701F54832EC48FBB00BA01BE /* ssl_tls13_keys.c */; };
		701F54A72EC48FBB00BA01BE /* ecjpake.c in Sources */ = {isa = PBXBuildFile; fileRef = 701F54152EC48FBB00BA01BE /* ecjpake.c */; };
		701F54A82EC48FBB00BA01BE /* mps_trace.c in Sources */ = {isa = PBXBuildFile; fileRef = 701F54302EC48FBB00BA01BE /* mps_trace.c */; };
		701F54A92EC48FBB00BA01BE /* lms.c in Sources */ = {isa = PBXBuildFile; fileRef = 701F54242EC48FBB00BA01BE /* lms.c */; };
		701F54AA2EC48FBB00BA01BE /* constant_time.c in Sources */ = {isa = PBXBuildFile; fileRef = 701F540A2EC48FBB00BA01BE /* constant_time.c */; };
		701F54AB2EC48FBB00BA01BE /* hmac_drbg.c in Sources */ = {isa = PBXBuildFile; fileRef = 701F54212EC48FBB00BA01BE /* hmac_drbg.c */; };
		701F54AC2EC48FBB00BA01BE /* psa_crypto_aead.c in Sources */ = {isa = PBXBuildFile; fileRef = 701F54472EC48FBB00BA01BE /* psa_crypto_aead.c */; };
		701F54AD2EC48FBB00BA01BE /* rsa.c in Sources */ = {isa = PBXBuildFile; fileRef = 701F54692EC48FBB00BA01BE /* rsa.c */; };
		701F54AE2EC48FBB00BA01BE /* ssl_tls13_generic.c in Sources */ = {isa = PBXBuildFile; fileRef = 701F54802EC48FBB00BA01BE /* ssl_tls13_generic.c */; };
		701F54AF2EC48FBB00BA01BE /* aria.c in Sources */ = {isa = PBXBuildFile; fileRef = 701F53EC2EC48FBB00BA01BE /* aria.c */; };
		701F54B02EC48FBB00BA01BE /* bignum_mod_raw.c in Sources */ = {isa = PBXBuildFile; fileRef = 701F53F92EC48FBB00BA01BE /* bignum_mod_raw.c */; };
		701F54B12EC48FBB00BA01BE /* ecdsa.c in Sources */ = {isa = PBXBuildFile; fileRef = 701F54142EC48FBB00BA01BE /* ecdsa.c */; };
		701F54B22EC48FBB00BA01BE /* memory_buffer_alloc.c in Sources */ = {isa = PBXBuildFile; fileRef = 701F542A2EC48FBB00BA01BE /* memory_buffer_alloc.c */; };
		701F54B32EC48FBB00BA01BE /* sha256.c in Sources */ = {isa = PBXBuildFile; fileRef = 701F546F2EC48FBB00BA01BE /* sha256.c */; };
		701F54B42EC48FBB00BA01BE /* x509_create.c in Sources */ = {isa = PBXBuildFile; fileRef = 701F548B2EC48FBB00BA01BE /* x509_create.c */; };
		701F54B52EC48FBB00BA01BE /* ssl_tls12_client.c in Sources */ = {isa = PBXBuildFile; fileRef = 701F547D2EC48FBB00BA01BE /* ssl_tls12_client.c */; };
		701F54B62EC48FBB00BA01BE /* asn1parse.c in Sources */ = {isa = PBXBuildFile; fileRef = 701F53ED2EC48FBB00BA01BE /* asn1parse.c */; };
		701F54B72EC48FBB00BA01BE /* des.c in Sources */ = {isa = PBXBuildFile; fileRef = 701F54112EC48FBB00BA01BE /* des.c */; };
		701F54B82EC48FBB00BA01BE /* x509_csr.c in Sources */ = {isa = PBXBuildFile; fileRef = 701F548E2EC48FBB00BA01BE /* x509_csr.c */; };
		701F54B92EC48FBB00BA01BE /* ccm.c in Sources */ = {isa = PBXBuildFile; fileRef = 701F53FF2EC48FBB00BA01BE /* ccm.c */; };
		701F54BA2EC48FBB00BA01BE /* ssl_msg.c in Sources */ = {isa = PBXBuildFile; fileRef = 701F547A2EC48FBB00BA01BE /* ssl_msg.c */; };
		701F54BB2EC48FBB00BA01BE /* debug.c in Sources */ = {isa = PBXBuildFile; fileRef = 701F540F2EC48FBB00BA01BE /* debug.c */; };
		701F54BC2EC48FBB00BA01BE /* net_sockets.c in Sources */ = {isa = PBXBuildFile; fileRef = 701F54312EC48FBB00BA01BE /* net_sockets.c */; };
		701F54BD2EC48FBB00BA01BE /* Makefile in Sources */ = {isa = PBXBuildFile; fileRef = 701F54252EC48FBB00BA01BE /* Makefile */; };
		701F54BE2EC48FBB00BA01BE /* ssl_tls13_client.c in Sources */ = {isa = PBXBuildFile; fileRef = 701F547F2EC48FBB00BA01BE /* ssl_tls13_client.c */; };
		701F54BF2EC48FBB00BA01BE /* bignum_core.c in Sources */ = {isa = PBXBuildFile; fileRef = 701F53F32EC48FBB00BA01BE /* bignum_core.c */; };
		701F54C02EC48FBB00BA01BE /* pk_ecc.c in Sources */ = {isa = PBXBuildFile; fileRef = 701F54382EC48FBB00BA01BE /* pk_ecc.c */; };
		701F54C12EC48FBB00BA01BE /* ripemd160.c in Sources */ = {isa = PBXBuildFile; fileRef = 701F54682EC48FBB00BA01BE /* ripemd160.c */; };
		701F54C22EC48FBB00BA01BE /* x509write.c in Sources */ = {isa = PBXBuildFile; fileRef = 701F54902EC48FBB00BA01BE /* x509write.c */; };
		701F54C32EC48FBB00BA01BE /* md.c in Sources */ = {isa = PBXBuildFile; fileRef = 701F54262EC48FBB00BA01BE /* md.c */; };
		701F54C42EC48FBB00BA01BE /* entropy_poll.c in Sources */ = {isa = PBXBuildFile; fileRef = 701F541D2EC48FBB00BA01BE /* entropy_poll.c */; };
		701F54C52EC48FBB00BA01BE /* lmots.c in Sources */ = {isa = PBXBuildFile; fileRef = 701F54232EC48FBB00BA01BE /* lmots.c */; };
		701F54C62EC48FBB00BA01BE /* ecdh.c in Sources */ = {isa = PBXBuildFile; fileRef = 701F54132EC48FBB00BA01BE /* ecdh.c */; };
		701F54C72EC48FBB00BA01BE /* sha512.c in Sources */ = {isa = PBXBuildFile; fileRef = 701F54702EC48FBB00BA01BE /* sha512.c */; };
		701F54C82EC48FBB00BA01BE /* ssl_cache.c in Sources */ = {isa = PBXBuildFile; fileRef = 701F54712EC48FBB00BA01BE /* ssl_cache.c */; };
		701F54C92EC48FBB00BA01BE /* ssl_tls12_server.c in Sources */ = {isa = PBXBuildFile; fileRef = 701F547E2EC48FBB00BA01BE /* ssl_tls12_server.c */; };
		701F54CA2EC48FBB00BA01BE /* error.c in Sources */ = {isa = PBXBuildFile; fileRef = 701F541E2EC48FBB00BA01BE /* error.c */; };
		701F54CB2EC48FBB00BA01BE /* aesni.c in Sources */ = {isa = PBXBuildFile; fileRef = 701F53EA2EC48FBB00BA01BE /* aesni.c */; };
		701F54CC2EC48FBB00BA01BE /* gcm.c in Sources */ = {isa = PBXBuildFile; fileRef = 701F541F2EC48FBB00BA01BE /* gcm.c */; };
		701F54CD2EC48FBB00BA01BE /* pkcs7.c in Sources */ = {isa = PBXBuildFile; fileRef = 701F543D2EC48FBB00BA01BE /* pkcs7.c */; };
		701F54CE2EC48FBB00BA01BE /* block_cipher.c in Sources */ = {isa = PBXBuildFile; fileRef = 701F53FB2EC48FBB00BA01BE /* block_cipher.c */; };
		701F54CF2EC48FBB00BA01BE /* md5.c in Sources */ = {isa = PBXBuildFile; fileRef = 701F54292EC48FBB00BA01BE /* md5.c */; };
		701F54D02EC48FBB00BA01BE /* chachapoly.c in Sources */ = {isa = PBXBuildFile; fileRef = 701F54012EC48FBB00BA01BE /* chachapoly.c */; };
		701F54D12EC48FBB00BA01BE /* hkdf.c in Sources */ = {isa = PBXBuildFile; fileRef = 701F54202EC48FBB00BA01BE /* hkdf.c */; };
		701F54D22EC48FBB00BA01BE /* pk_wrap.c in Sources */ = {isa = PBXBuildFile; fileRef = 701F543B2EC48FBB00BA01BE /* pk_wrap.c */; };
		701F54D32EC48FBB00BA01BE /* psa_crypto_rsa.c in Sources */ = {isa = PBXBuildFile; fileRef = 701F545E2EC48FBB00BA01BE /* psa_crypto_rsa.c */; };
		701F54D42EC48FBB00BA01BE /* mps_reader.c in Sources */ = {isa = PBXBuildFile; fileRef = 701F542E2EC48FBB00BA01BE /* mps_reader.c */; };
		701F54D52EC48FBB00BA01BE /* psa_crypto_ecp.c in Sources */ = {isa = PBXBuildFile; fileRef = 701F54512EC48FBB00BA01BE /* psa_crypto_ecp.c */; };
		701F54D62EC48FBB00BA01BE /* camellia.c in Sources */ = {isa = PBXBuildFile; fileRef = 701F53FE2EC48FBB00BA01BE /* camellia.c */; };
		701F54D72EC48FBB00BA01BE /* ssl_client.c in Sources */ = {isa = PBXBuildFile; fileRef = 701F54752EC48FBB00BA01BE /* ssl_client.c */; };
		701F54D82EC48FBB00BA01BE /* ecp.c in Sources */ = {isa = PBXBuildFile; fileRef = 701F54162EC48FBB00BA01BE /* ecp.c */; };
		701F54D92EC48FBB00BA01BE /* psa_crypto_driver_wrappers_no_static.c in Sources */ = {isa = PBXBuildFile; fileRef = 701F544F2EC48FBB00BA01BE /* psa_crypto_driver_wrappers_no_static.c */; };
		701F54DA2EC48FBB00BA01BE /* psa_crypto_slot_management.c in Sources */ = {isa = PBXBuildFile; fileRef = 701F54622EC48FBB00BA01BE /* psa_crypto_slot_management.c */; };
		701F54DB2EC48FBB00BA01BE /* platform_util.c in Sources */ = {isa = PBXBuildFile; fileRef = 701F54432EC48FBB00BA01BE /* platform_util.c */; };
		701F54DC2EC48FBB00BA01BE /* psa_crypto_mac.c in Sources */ = {isa = PBXBuildFile; fileRef = 701F54592EC48FBB00BA01BE /* psa_crypto_mac.c */; };
		701F54DD2EC48FBB00BA01BE /* chacha20.c in Sources */ = {isa = PBXBuildFile; fileRef = 701F54002EC48FBB00BA01BE /* chacha20.c */; };
		701F54DE2EC48FBB00BA01BE /* ssl_ciphersuites.c in Sources */ = {isa = PBXBuildFile; fileRef = 701F54722EC48FBB00BA01BE /* ssl_ciphersuites.c */; };
		701F54DF2EC48FBB00BA01BE /* base64.c in Sources */ = {isa = PBXBuildFile; fileRef = 701F53EF2EC48FBB00BA01BE /* base64.c */; };
		701F54E02EC48FBB00BA01BE /* poly1305.c in Sources */ = {isa = PBXBuildFile; fileRef = 701F54442EC48FBB00BA01BE /* poly1305.c */; };
		701F54E12EC48FBB00BA01BE /* ctr_drbg.c in Sources */ = {isa = PBXBuildFile; fileRef = 701F540E2EC48FBB00BA01BE /* ctr_drbg.c */; };
		701F54E22EC48FBB00BA01BE /* ssl_ticket.c in Sources */ = {isa = PBXBuildFile; fileRef = 701F547B2EC48FBB00BA01BE /* ssl_ticket.c */; };
		701F54E32EC48FBB00BA01BE /* ssl_tls.c in Sources */ = {isa = PBXBuildFile; fileRef = 701F547C2EC48FBB00BA01BE /* ssl_tls.c */; };
		701F54E42EC48FBB00BA01BE /* cmac.c in Sources */ = {isa = PBXBuildFile; fileRef = 701F54072EC48FBB00BA01BE /* cmac.c */; };
		701F54E52EC48FBB00BA01BE /* entropy.c in Sources */ = {isa = PBXBuildFile; fileRef = 701F541B2EC48FBB00BA01BE /* entropy.c */; };
		701F54E62EC48FBB00BA01BE /* bignum.c in Sources */ = {isa = PBXBuildFile; fileRef = 701F53F12EC48FBB00BA01BE /* bignum.c */; };
		701F54E72EC48FBB00BA01BE /* psa_its_file.c in Sources */ = {isa = PBXBuildFile; fileRef = 701F54652EC48FBB00BA01BE /* psa_its_file.c */; };
		701F54E82EC48FBB00BA01BE /* threading.c in Sources */ = {isa = PBXBuildFile; fileRef = 701F54852EC48FBB00BA01BE /* threading.c */; };
		701F54E92EC48FBB00BA01BE /* x509_crl.c in Sources */ = {isa = PBXBuildFile; fileRef = 701F548C2EC48FBB00BA01BE /* x509_crl.c */; };
		701F54EA2EC48FBB00BA01BE /* psa_crypto_se.c in Sources */ = {isa = PBXBuildFile; fileRef = 701F54602EC48FBB00BA01BE /* psa_crypto_se.c */; };
		701F54EB2EC48FBB00BA01BE /* version.c in Sources */ = {isa = PBXBuildFile; fileRef = 701F54882EC48FBB00BA01BE /* version.c */; };
		701F54EC2EC48FBB00BA01BE /* pkcs12.c in Sources */ = {isa = PBXBuildFile; fileRef = 701F543E2EC48FBB00BA01BE /* pkcs12.c */; };
		701F54ED2EC48FBB00BA01BE /* pkparse.c in Sources */ = {isa = PBXBuildFile; fileRef = 701F543F2EC48FBB00BA01BE /* pkparse.c */; };
		701F54EE2EC48FBB00BA01BE /* platform.c in Sources */ = {isa = PBXBuildFile; fileRef = 701F54422EC48FBB00BA01BE /* platform.c */; };
		701F54EF2EC48FBB00BA01BE /* aesce.c in Sources */ = {isa = PBXBuildFile; fileRef = 701F53E82EC48FBB00BA01BE /* aesce.c */; };
		701F54F02EC48FBB00BA01BE /* cipher_wrap.c in Sources */ = {isa = PBXBuildFile; fileRef = 701F54062EC48FBB00BA01BE /* cipher_wrap.c */; };
		701F54F12EC48FBB00BA01BE /* padlock.c in Sources */ = {isa = PBXBuildFile; fileRef = 701F54352EC48FBB00BA01BE /* padlock.c */; };
		701F54F22EC48FBB00BA01BE /* psa_util.c in Sources */ = {isa = PBXBuildFile; fileRef = 701F54662EC48FBB00BA01BE /* psa_util.c */; };
		701F54F32EC48FBB00BA01BE /* ssl_debug_helpers_generated.c in Sources */ = {isa = PBXBuildFile; fileRef = 701F54782EC48FBB00BA01BE /* ssl_debug_helpers_generated.c */; };
		701F54F42EC48FBB00BA01BE /* ecp_curves_new.c in Sources */ = {isa = PBXBuildFile; fileRef = 701F54182EC48FBB00BA01BE /* ecp_curves_new.c */; };
		701F54F52EC48FBB00BA01BE /* bignum_mod.c in Sources */ = {isa = PBXBuildFile; fileRef = 701F53F72EC48FBB00BA01BE /* bignum_mod.c */; };
		701F54F62EC48FBB00BA01BE /* psa_crypto_client.c in Sources */ = {isa = PBXBuildFile; fileRef = 701F544A2EC48FBB00BA01BE /* psa_crypto_client.c */; };
		701F54F72EC48FBB00BA01BE /* cipher.c in Sources */ = {isa = PBXBuildFile; fileRef = 701F54032EC48FBB00BA01BE /* cipher.c */; };
		701F54F82EC48FBB00BA01BE /* pkwrite.c in Sources */ = {isa = PBXBuildFile; fileRef = 701F54412EC48FBB00BA01BE /* pkwrite.c */; };
		701F54F92EC48FBB00BA01BE /* psa_crypto_ffdh.c in Sources */ = {isa = PBXBuildFile; fileRef = 701F54532EC48FBB00BA01BE /* psa_crypto_ffdh.c */; };
		701F54FA2EC48FBB00BA01BE /* rsa_alt_helpers.c in Sources */ = {isa = PBXBuildFile; fileRef = 701F546B2EC48FBB00BA01BE /* rsa_alt_helpers.c */; };
		701F54FB2EC48FBB00BA01BE /* timing.c in Sources */ = {isa = PBXBuildFile; fileRef = 701F54872EC48FBB00BA01BE /* timing.c */; };
		701F54FC2EC48FBB00BA01BE /* pkcs5.c in Sources */ = {isa = PBXBuildFile; fileRef = 701F543C2EC48FBB00BA01BE /* pkcs5.c */; };
		701F54FD2EC48FBB00BA01BE /* sha1.c in Sources */ = {isa = PBXBuildFile; fileRef = 701F546D2EC48FBB00BA01BE /* sha1.c */; };
		701F54FE2EC48FBB00BA01BE /* sha3.c in Sources */ = {isa = PBXBuildFile; fileRef = 701F546E2EC48FBB00BA01BE /* sha3.c */; };
		701F54FF2EC48FBB00BA01BE /* x509.c in Sources */ = {isa = PBXBuildFile; fileRef = 701F548A2EC48FBB00BA01BE /* x509.c */; };
/* End PBXBuildFile section */

/* Begin PBXCopyFilesBuildPhase section */
		700248102340E59700112D2A /* Copy Files */ = {
			isa = PBXCopyFilesBuildPhase;
			buildActionMask = 2147483647;
			dstPath = "include/$(PRODUCT_NAME)";
			dstSubfolderSpec = 16;
			files = (
				700248182340E59700112D2A /* mbedtls.h in Copy Files */,
			);
			name = "Copy Files";
			runOnlyForDeploymentPostprocessing = 0;
		};
/* End PBXCopyFilesBuildPhase section */

/* Begin PBXFileReference section */
		700248122340E59700112D2A /* libmbedtls.a */ = {isa = PBXFileReference; explicitFileType = archive.ar; includeInIndex = 0; path = libmbedtls.a; sourceTree = BUILT_PRODUCTS_DIR; };
		700248152340E59700112D2A /* mbedtls.h */ = {isa = PBXFileReference; lastKnownFileType = sourcecode.c.h; path = mbedtls.h; sourceTree = "<group>"; };
		700248162340E59700112D2A /* mbedtls.m */ = {isa = PBXFileReference; lastKnownFileType = sourcecode.c.objc; path = mbedtls.m; sourceTree = "<group>"; };
		701F539C2EC48F8A00BA01BE /* aes.h */ = {isa = PBXFileReference; lastKnownFileType = sourcecode.c.h; name = aes.h; path = ../include/mbedtls/aes.h; sourceTree = SOURCE_ROOT; };
		701F539D2EC48F8A00BA01BE /* aria.h */ = {isa = PBXFileReference; lastKnownFileType = sourcecode.c.h; name = aria.h; path = ../include/mbedtls/aria.h; sourceTree = SOURCE_ROOT; };
		701F539E2EC48F8A00BA01BE /* asn1.h */ = {isa = PBXFileReference; lastKnownFileType = sourcecode.c.h; name = asn1.h; path = ../include/mbedtls/asn1.h; sourceTree = SOURCE_ROOT; };
		701F539F2EC48F8A00BA01BE /* asn1write.h */ = {isa = PBXFileReference; lastKnownFileType = sourcecode.c.h; name = asn1write.h; path = ../include/mbedtls/asn1write.h; sourceTree = SOURCE_ROOT; };
		701F53A02EC48F8A00BA01BE /* base64.h */ = {isa = PBXFileReference; lastKnownFileType = sourcecode.c.h; name = base64.h; path = ../include/mbedtls/base64.h; sourceTree = SOURCE_ROOT; };
		701F53A12EC48F8A00BA01BE /* bignum.h */ = {isa = PBXFileReference; lastKnownFileType = sourcecode.c.h; name = bignum.h; path = ../include/mbedtls/bignum.h; sourceTree = SOURCE_ROOT; };
		701F53A22EC48F8A00BA01BE /* block_cipher.h */ = {isa = PBXFileReference; lastKnownFileType = sourcecode.c.h; name = block_cipher.h; path = ../include/mbedtls/block_cipher.h; sourceTree = SOURCE_ROOT; };
		701F53A32EC48F8A00BA01BE /* build_info.h */ = {isa = PBXFileReference; lastKnownFileType = sourcecode.c.h; name = build_info.h; path = ../include/mbedtls/build_info.h; sourceTree = SOURCE_ROOT; };
		701F53A42EC48F8A00BA01BE /* camellia.h */ = {isa = PBXFileReference; lastKnownFileType = sourcecode.c.h; name = camellia.h; path = ../include/mbedtls/camellia.h; sourceTree = SOURCE_ROOT; };
		701F53A52EC48F8A00BA01BE /* ccm.h */ = {isa = PBXFileReference; lastKnownFileType = sourcecode.c.h; name = ccm.h; path = ../include/mbedtls/ccm.h; sourceTree = SOURCE_ROOT; };
		701F53A62EC48F8A00BA01BE /* chacha20.h */ = {isa = PBXFileReference; lastKnownFileType = sourcecode.c.h; name = chacha20.h; path = ../include/mbedtls/chacha20.h; sourceTree = SOURCE_ROOT; };
		701F53A72EC48F8A00BA01BE /* chachapoly.h */ = {isa = PBXFileReference; lastKnownFileType = sourcecode.c.h; name = chachapoly.h; path = ../include/mbedtls/chachapoly.h; sourceTree = SOURCE_ROOT; };
		701F53A82EC48F8A00BA01BE /* check_config.h */ = {isa = PBXFileReference; lastKnownFileType = sourcecode.c.h; name = check_config.h; path = ../include/mbedtls/check_config.h; sourceTree = SOURCE_ROOT; };
		701F53A92EC48F8A00BA01BE /* cipher.h */ = {isa = PBXFileReference; lastKnownFileType = sourcecode.c.h; name = cipher.h; path = ../include/mbedtls/cipher.h; sourceTree = SOURCE_ROOT; };
		701F53AA2EC48F8A00BA01BE /* cmac.h */ = {isa = PBXFileReference; lastKnownFileType = sourcecode.c.h; name = cmac.h; path = ../include/mbedtls/cmac.h; sourceTree = SOURCE_ROOT; };
		701F53AB2EC48F8A00BA01BE /* compat-2.x.h */ = {isa = PBXFileReference; lastKnownFileType = sourcecode.c.h; name = "compat-2.x.h"; path = "../include/mbedtls/compat-2.x.h"; sourceTree = SOURCE_ROOT; };
		701F53AC2EC48F8A00BA01BE /* config_adjust_legacy_crypto.h */ = {isa = PBXFileReference; lastKnownFileType = sourcecode.c.h; name = config_adjust_legacy_crypto.h; path = ../include/mbedtls/config_adjust_legacy_crypto.h; sourceTree = SOURCE_ROOT; };
		701F53AD2EC48F8A00BA01BE /* config_adjust_legacy_from_psa.h */ = {isa = PBXFileReference; lastKnownFileType = sourcecode.c.h; name = config_adjust_legacy_from_psa.h; path = ../include/mbedtls/config_adjust_legacy_from_psa.h; sourceTree = SOURCE_ROOT; };
		701F53AE2EC48F8A00BA01BE /* config_adjust_psa_from_legacy.h */ = {isa = PBXFileReference; lastKnownFileType = sourcecode.c.h; name = config_adjust_psa_from_legacy.h; path = ../include/mbedtls/config_adjust_psa_from_legacy.h; sourceTree = SOURCE_ROOT; };
		701F53AF2EC48F8A00BA01BE /* config_adjust_psa_superset_legacy.h */ = {isa = PBXFileReference; lastKnownFileType = sourcecode.c.h; name = config_adjust_psa_superset_legacy.h; path = ../include/mbedtls/config_adjust_psa_superset_legacy.h; sourceTree = SOURCE_ROOT; };
		701F53B02EC48F8A00BA01BE /* config_adjust_ssl.h */ = {isa = PBXFileReference; lastKnownFileType = sourcecode.c.h; name = config_adjust_ssl.h; path = ../include/mbedtls/config_adjust_ssl.h; sourceTree = SOURCE_ROOT; };
		701F53B12EC48F8A00BA01BE /* config_adjust_x509.h */ = {isa = PBXFileReference; lastKnownFileType = sourcecode.c.h; name = config_adjust_x509.h; path = ../include/mbedtls/config_adjust_x509.h; sourceTree = SOURCE_ROOT; };
		701F53B22EC48F8A00BA01BE /* config_psa.h */ = {isa = PBXFileReference; lastKnownFileType = sourcecode.c.h; name = config_psa.h; path = ../include/mbedtls/config_psa.h; sourceTree = SOURCE_ROOT; };
		701F53B32EC48F8A00BA01BE /* constant_time.h */ = {isa = PBXFileReference; lastKnownFileType = sourcecode.c.h; name = constant_time.h; path = ../include/mbedtls/constant_time.h; sourceTree = SOURCE_ROOT; };
		701F53B42EC48F8A00BA01BE /* ctr_drbg.h */ = {isa = PBXFileReference; lastKnownFileType = sourcecode.c.h; name = ctr_drbg.h; path = ../include/mbedtls/ctr_drbg.h; sourceTree = SOURCE_ROOT; };
		701F53B52EC48F8A00BA01BE /* debug.h */ = {isa = PBXFileReference; lastKnownFileType = sourcecode.c.h; name = debug.h; path = ../include/mbedtls/debug.h; sourceTree = SOURCE_ROOT; };
		701F53B62EC48F8A00BA01BE /* des.h */ = {isa = PBXFileReference; lastKnownFileType = sourcecode.c.h; name = des.h; path = ../include/mbedtls/des.h; sourceTree = SOURCE_ROOT; };
		701F53B72EC48F8A00BA01BE /* dhm.h */ = {isa = PBXFileReference; lastKnownFileType = sourcecode.c.h; name = dhm.h; path = ../include/mbedtls/dhm.h; sourceTree = SOURCE_ROOT; };
		701F53B82EC48F8A00BA01BE /* ecdh.h */ = {isa = PBXFileReference; lastKnownFileType = sourcecode.c.h; name = ecdh.h; path = ../include/mbedtls/ecdh.h; sourceTree = SOURCE_ROOT; };
		701F53B92EC48F8A00BA01BE /* ecdsa.h */ = {isa = PBXFileReference; lastKnownFileType = sourcecode.c.h; name = ecdsa.h; path = ../include/mbedtls/ecdsa.h; sourceTree = SOURCE_ROOT; };
		701F53BA2EC48F8A00BA01BE /* ecjpake.h */ = {isa = PBXFileReference; lastKnownFileType = sourcecode.c.h; name = ecjpake.h; path = ../include/mbedtls/ecjpake.h; sourceTree = SOURCE_ROOT; };
		701F53BB2EC48F8A00BA01BE /* ecp.h */ = {isa = PBXFileReference; lastKnownFileType = sourcecode.c.h; name = ecp.h; path = ../include/mbedtls/ecp.h; sourceTree = SOURCE_ROOT; };
		701F53BC2EC48F8A00BA01BE /* entropy.h */ = {isa = PBXFileReference; lastKnownFileType = sourcecode.c.h; name = entropy.h; path = ../include/mbedtls/entropy.h; sourceTree = SOURCE_ROOT; };
		701F53BD2EC48F8A00BA01BE /* error.h */ = {isa = PBXFileReference; lastKnownFileType = sourcecode.c.h; name = error.h; path = ../include/mbedtls/error.h; sourceTree = SOURCE_ROOT; };
		701F53BE2EC48F8A00BA01BE /* gcm.h */ = {isa = PBXFileReference; lastKnownFileType = sourcecode.c.h; name = gcm.h; path = ../include/mbedtls/gcm.h; sourceTree = SOURCE_ROOT; };
		701F53BF2EC48F8A00BA01BE /* hkdf.h */ = {isa = PBXFileReference; lastKnownFileType = sourcecode.c.h; name = hkdf.h; path = ../include/mbedtls/hkdf.h; sourceTree = SOURCE_ROOT; };
		701F53C02EC48F8A00BA01BE /* hmac_drbg.h */ = {isa = PBXFileReference; lastKnownFileType = sourcecode.c.h; name = hmac_drbg.h; path = ../include/mbedtls/hmac_drbg.h; sourceTree = SOURCE_ROOT; };
		701F53C12EC48F8A00BA01BE /* lms.h */ = {isa = PBXFileReference; lastKnownFileType = sourcecode.c.h; name = lms.h; path = ../include/mbedtls/lms.h; sourceTree = SOURCE_ROOT; };
		701F53C22EC48F8A00BA01BE /* mbedtls_config.h */ = {isa = PBXFileReference; lastKnownFileType = sourcecode.c.h; name = mbedtls_config.h; path = ../include/mbedtls/mbedtls_config.h; sourceTree = SOURCE_ROOT; };
		701F53C32EC48F8A00BA01BE /* md.h */ = {isa = PBXFileReference; lastKnownFileType = sourcecode.c.h; name = md.h; path = ../include/mbedtls/md.h; sourceTree = SOURCE_ROOT; };
		701F53C42EC48F8A00BA01BE /* md5.h */ = {isa = PBXFileReference; lastKnownFileType = sourcecode.c.h; name = md5.h; path = ../include/mbedtls/md5.h; sourceTree = SOURCE_ROOT; };
		701F53C52EC48F8A00BA01BE /* memory_buffer_alloc.h */ = {isa = PBXFileReference; lastKnownFileType = sourcecode.c.h; name = memory_buffer_alloc.h; path = ../include/mbedtls/memory_buffer_alloc.h; sourceTree = SOURCE_ROOT; };
		701F53C62EC48F8A00BA01BE /* net_sockets.h */ = {isa = PBXFileReference; lastKnownFileType = sourcecode.c.h; name = net_sockets.h; path = ../include/mbedtls/net_sockets.h; sourceTree = SOURCE_ROOT; };
		701F53C72EC48F8A00BA01BE /* nist_kw.h */ = {isa = PBXFileReference; lastKnownFileType = sourcecode.c.h; name = nist_kw.h; path = ../include/mbedtls/nist_kw.h; sourceTree = SOURCE_ROOT; };
		701F53C82EC48F8A00BA01BE /* oid.h */ = {isa = PBXFileReference; lastKnownFileType = sourcecode.c.h; name = oid.h; path = ../include/mbedtls/oid.h; sourceTree = SOURCE_ROOT; };
		701F53C92EC48F8A00BA01BE /* pem.h */ = {isa = PBXFileReference; lastKnownFileType = sourcecode.c.h; name = pem.h; path = ../include/mbedtls/pem.h; sourceTree = SOURCE_ROOT; };
		701F53CA2EC48F8A00BA01BE /* pk.h */ = {isa = PBXFileReference; lastKnownFileType = sourcecode.c.h; name = pk.h; path = ../include/mbedtls/pk.h; sourceTree = SOURCE_ROOT; };
		701F53CB2EC48F8A00BA01BE /* pkcs5.h */ = {isa = PBXFileReference; lastKnownFileType = sourcecode.c.h; name = pkcs5.h; path = ../include/mbedtls/pkcs5.h; sourceTree = SOURCE_ROOT; };
		701F53CC2EC48F8A00BA01BE /* pkcs7.h */ = {isa = PBXFileReference; lastKnownFileType = sourcecode.c.h; name = pkcs7.h; path = ../include/mbedtls/pkcs7.h; sourceTree = SOURCE_ROOT; };
		701F53CD2EC48F8A00BA01BE /* pkcs12.h */ = {isa = PBXFileReference; lastKnownFileType = sourcecode.c.h; name = pkcs12.h; path = ../include/mbedtls/pkcs12.h; sourceTree = SOURCE_ROOT; };
		701F53CE2EC48F8A00BA01BE /* platform.h */ = {isa = PBXFileReference; lastKnownFileType = sourcecode.c.h; name = platform.h; path = ../include/mbedtls/platform.h; sourceTree = SOURCE_ROOT; };
		701F53CF2EC48F8A00BA01BE /* platform_time.h */ = {isa = PBXFileReference; lastKnownFileType = sourcecode.c.h; name = platform_time.h; path = ../include/mbedtls/platform_time.h; sourceTree = SOURCE_ROOT; };
		701F53D02EC48F8A00BA01BE /* platform_util.h */ = {isa = PBXFileReference; lastKnownFileType = sourcecode.c.h; name = platform_util.h; path = ../include/mbedtls/platform_util.h; sourceTree = SOURCE_ROOT; };
		701F53D12EC48F8A00BA01BE /* poly1305.h */ = {isa = PBXFileReference; lastKnownFileType = sourcecode.c.h; name = poly1305.h; path = ../include/mbedtls/poly1305.h; sourceTree = SOURCE_ROOT; };
		701F53D22EC48F8A00BA01BE /* private_access.h */ = {isa = PBXFileReference; lastKnownFileType = sourcecode.c.h; name = private_access.h; path = ../include/mbedtls/private_access.h; sourceTree = SOURCE_ROOT; };
		701F53D32EC48F8A00BA01BE /* psa_util.h */ = {isa = PBXFileReference; lastKnownFileType = sourcecode.c.h; name = psa_util.h; path = ../include/mbedtls/psa_util.h; sourceTree = SOURCE_ROOT; };
		701F53D42EC48F8A00BA01BE /* ripemd160.h */ = {isa = PBXFileReference; lastKnownFileType = sourcecode.c.h; name = ripemd160.h; path = ../include/mbedtls/ripemd160.h; sourceTree = SOURCE_ROOT; };
		701F53D52EC48F8A00BA01BE /* rsa.h */ = {isa = PBXFileReference; lastKnownFileType = sourcecode.c.h; name = rsa.h; path = ../include/mbedtls/rsa.h; sourceTree = SOURCE_ROOT; };
		701F53D62EC48F8A00BA01BE /* sha1.h */ = {isa = PBXFileReference; lastKnownFileType = sourcecode.c.h; name = sha1.h; path = ../include/mbedtls/sha1.h; sourceTree = SOURCE_ROOT; };
		701F53D72EC48F8A00BA01BE /* sha3.h */ = {isa = PBXFileReference; lastKnownFileType = sourcecode.c.h; name = sha3.h; path = ../include/mbedtls/sha3.h; sourceTree = SOURCE_ROOT; };
		701F53D82EC48F8A00BA01BE /* sha256.h */ = {isa = PBXFileReference; lastKnownFileType = sourcecode.c.h; name = sha256.h; path = ../include/mbedtls/sha256.h; sourceTree = SOURCE_ROOT; };
		701F53D92EC48F8A00BA01BE /* sha512.h */ = {isa = PBXFileReference; lastKnownFileType = sourcecode.c.h; name = sha512.h; path = ../include/mbedtls/sha512.h; sourceTree = SOURCE_ROOT; };
		701F53DA2EC48F8A00BA01BE /* ssl.h */ = {isa = PBXFileReference; lastKnownFileType = sourcecode.c.h; name = ssl.h; path = ../include/mbedtls/ssl.h; sourceTree = SOURCE_ROOT; };
		701F53DB2EC48F8A00BA01BE /* ssl_cache.h */ = {isa = PBXFileReference; lastKnownFileType = sourcecode.c.h; name = ssl_cache.h; path = ../include/mbedtls/ssl_cache.h; sourceTree = SOURCE_ROOT; };
		701F53DC2EC48F8A00BA01BE /* ssl_ciphersuites.h */ = {isa = PBXFileReference; lastKnownFileType = sourcecode.c.h; name = ssl_ciphersuites.h; path = ../include/mbedtls/ssl_ciphersuites.h; sourceTree = SOURCE_ROOT; };
		701F53DD2EC48F8A00BA01BE /* ssl_cookie.h */ = {isa = PBXFileReference; lastKnownFileType = sourcecode.c.h; name = ssl_cookie.h; path = ../include/mbedtls/ssl_cookie.h; sourceTree = SOURCE_ROOT; };
		701F53DE2EC48F8A00BA01BE /* ssl_ticket.h */ = {isa = PBXFileReference; lastKnownFileType = sourcecode.c.h; name = ssl_ticket.h; path = ../include/mbedtls/ssl_ticket.h; sourceTree = SOURCE_ROOT; };
		701F53DF2EC48F8A00BA01BE /* threading.h */ = {isa = PBXFileReference; lastKnownFileType = sourcecode.c.h; name = threading.h; path = ../include/mbedtls/threading.h; sourceTree = SOURCE_ROOT; };
		701F53E02EC48F8A00BA01BE /* timing.h */ = {isa = PBXFileReference; lastKnownFileType = sourcecode.c.h; name = timing.h; path = ../include/mbedtls/timing.h; sourceTree = SOURCE_ROOT; };
		701F53E12EC48F8A00BA01BE /* version.h */ = {isa = PBXFileReference; lastKnownFileType = sourcecode.c.h; name = version.h; path = ../include/mbedtls/version.h; sourceTree = SOURCE_ROOT; };
		701F53E22EC48F8A00BA01BE /* x509.h */ = {isa = PBXFileReference; lastKnownFileType = sourcecode.c.h; name = x509.h; path = ../include/mbedtls/x509.h; sourceTree = SOURCE_ROOT; };
		701F53E32EC48F8A00BA01BE /* x509_crl.h */ = {isa = PBXFileReference; lastKnownFileType = sourcecode.c.h; name = x509_crl.h; path = ../include/mbedtls/x509_crl.h; sourceTree = SOURCE_ROOT; };
		701F53E42EC48F8A00BA01BE /* x509_crt.h */ = {isa = PBXFileReference; lastKnownFileType = sourcecode.c.h; name = x509_crt.h; path = ../include/mbedtls/x509_crt.h; sourceTree = SOURCE_ROOT; };
		701F53E52EC48F8A00BA01BE /* x509_csr.h */ = {isa = PBXFileReference; lastKnownFileType = sourcecode.c.h; name = x509_csr.h; path = ../include/mbedtls/x509_csr.h; sourceTree = SOURCE_ROOT; };
		701F53E62EC48FBB00BA01BE /* aes.c */ = {isa = PBXFileReference; lastKnownFileType = sourcecode.c.c; name = aes.c; path = ../library/aes.c; sourceTree = SOURCE_ROOT; };
		701F53E72EC48FBB00BA01BE /* aesce.h */ = {isa = PBXFileReference; lastKnownFileType = sourcecode.c.h; name = aesce.h; path = ../library/aesce.h; sourceTree = SOURCE_ROOT; };
		701F53E82EC48FBB00BA01BE /* aesce.c */ = {isa = PBXFileReference; lastKnownFileType = sourcecode.c.c; name = aesce.c; path = ../library/aesce.c; sourceTree = SOURCE_ROOT; };
		701F53E92EC48FBB00BA01BE /* aesni.h */ = {isa = PBXFileReference; lastKnownFileType = sourcecode.c.h; name = aesni.h; path = ../library/aesni.h; sourceTree = SOURCE_ROOT; };
		701F53EA2EC48FBB00BA01BE /* aesni.c */ = {isa = PBXFileReference; lastKnownFileType = sourcecode.c.c; name = aesni.c; path = ../library/aesni.c; sourceTree = SOURCE_ROOT; };
		701F53EB2EC48FBB00BA01BE /* alignment.h */ = {isa = PBXFileReference; lastKnownFileType = sourcecode.c.h; name = alignment.h; path = ../library/alignment.h; sourceTree = SOURCE_ROOT; };
		701F53EC2EC48FBB00BA01BE /* aria.c */ = {isa = PBXFileReference; lastKnownFileType = sourcecode.c.c; name = aria.c; path = ../library/aria.c; sourceTree = SOURCE_ROOT; };
		701F53ED2EC48FBB00BA01BE /* asn1parse.c */ = {isa = PBXFileReference; lastKnownFileType = sourcecode.c.c; name = asn1parse.c; path = ../library/asn1parse.c; sourceTree = SOURCE_ROOT; };
		701F53EE2EC48FBB00BA01BE /* asn1write.c */ = {isa = PBXFileReference; lastKnownFileType = sourcecode.c.c; name = asn1write.c; path = ../library/asn1write.c; sourceTree = SOURCE_ROOT; };
		701F53EF2EC48FBB00BA01BE /* base64.c */ = {isa = PBXFileReference; lastKnownFileType = sourcecode.c.c; name = base64.c; path = ../library/base64.c; sourceTree = SOURCE_ROOT; };
		701F53F02EC48FBB00BA01BE /* base64_internal.h */ = {isa = PBXFileReference; lastKnownFileType = sourcecode.c.h; name = base64_internal.h; path = ../library/base64_internal.h; sourceTree = SOURCE_ROOT; };
		701F53F12EC48FBB00BA01BE /* bignum.c */ = {isa = PBXFileReference; lastKnownFileType = sourcecode.c.c; name = bignum.c; path = ../library/bignum.c; sourceTree = SOURCE_ROOT; };
		701F53F22EC48FBB00BA01BE /* bignum_core.h */ = {isa = PBXFileReference; lastKnownFileType = sourcecode.c.h; name = bignum_core.h; path = ../library/bignum_core.h; sourceTree = SOURCE_ROOT; };
		701F53F32EC48FBB00BA01BE /* bignum_core.c */ = {isa = PBXFileReference; lastKnownFileType = sourcecode.c.c; name = bignum_core.c; path = ../library/bignum_core.c; sourceTree = SOURCE_ROOT; };
		701F53F42EC48FBB00BA01BE /* bignum_core_invasive.h */ = {isa = PBXFileReference; lastKnownFileType = sourcecode.c.h; name = bignum_core_invasive.h; path = ../library/bignum_core_invasive.h; sourceTree = SOURCE_ROOT; };
		701F53F52EC48FBB00BA01BE /* bignum_internal.h */ = {isa = PBXFileReference; lastKnownFileType = sourcecode.c.h; name = bignum_internal.h; path = ../library/bignum_internal.h; sourceTree = SOURCE_ROOT; };
		701F53F62EC48FBB00BA01BE /* bignum_mod.h */ = {isa = PBXFileReference; lastKnownFileType = sourcecode.c.h; name = bignum_mod.h; path = ../library/bignum_mod.h; sourceTree = SOURCE_ROOT; };
		701F53F72EC48FBB00BA01BE /* bignum_mod.c */ = {isa = PBXFileReference; lastKnownFileType = sourcecode.c.c; name = bignum_mod.c; path = ../library/bignum_mod.c; sourceTree = SOURCE_ROOT; };
		701F53F82EC48FBB00BA01BE /* bignum_mod_raw.h */ = {isa = PBXFileReference; lastKnownFileType = sourcecode.c.h; name = bignum_mod_raw.h; path = ../library/bignum_mod_raw.h; sourceTree = SOURCE_ROOT; };
		701F53F92EC48FBB00BA01BE /* bignum_mod_raw.c */ = {isa = PBXFileReference; lastKnownFileType = sourcecode.c.c; name = bignum_mod_raw.c; path = ../library/bignum_mod_raw.c; sourceTree = SOURCE_ROOT; };
		701F53FA2EC48FBB00BA01BE /* bignum_mod_raw_invasive.h */ = {isa = PBXFileReference; lastKnownFileType = sourcecode.c.h; name = bignum_mod_raw_invasive.h; path = ../library/bignum_mod_raw_invasive.h; sourceTree = SOURCE_ROOT; };
		701F53FB2EC48FBB00BA01BE /* block_cipher.c */ = {isa = PBXFileReference; lastKnownFileType = sourcecode.c.c; name = block_cipher.c; path = ../library/block_cipher.c; sourceTree = SOURCE_ROOT; };
		701F53FC2EC48FBB00BA01BE /* block_cipher_internal.h */ = {isa = PBXFileReference; lastKnownFileType = sourcecode.c.h; name = block_cipher_internal.h; path = ../library/block_cipher_internal.h; sourceTree = SOURCE_ROOT; };
		701F53FD2EC48FBB00BA01BE /* bn_mul.h */ = {isa = PBXFileReference; lastKnownFileType = sourcecode.c.h; name = bn_mul.h; path = ../library/bn_mul.h; sourceTree = SOURCE_ROOT; };
		701F53FE2EC48FBB00BA01BE /* camellia.c */ = {isa = PBXFileReference; lastKnownFileType = sourcecode.c.c; name = camellia.c; path = ../library/camellia.c; sourceTree = SOURCE_ROOT; };
		701F53FF2EC48FBB00BA01BE /* ccm.c */ = {isa = PBXFileReference; lastKnownFileType = sourcecode.c.c; name = ccm.c; path = ../library/ccm.c; sourceTree = SOURCE_ROOT; };
		701F54002EC48FBB00BA01BE /* chacha20.c */ = {isa = PBXFileReference; lastKnownFileType = sourcecode.c.c; name = chacha20.c; path = ../library/chacha20.c; sourceTree = SOURCE_ROOT; };
		701F54012EC48FBB00BA01BE /* chachapoly.c */ = {isa = PBXFileReference; lastKnownFileType = sourcecode.c.c; name = chachapoly.c; path = ../library/chachapoly.c; sourceTree = SOURCE_ROOT; };
		701F54022EC48FBB00BA01BE /* check_crypto_config.h */ = {isa = PBXFileReference; lastKnownFileType = sourcecode.c.h; name = check_crypto_config.h; path = ../library/check_crypto_config.h; sourceTree = SOURCE_ROOT; };
		701F54032EC48FBB00BA01BE /* cipher.c */ = {isa = PBXFileReference; lastKnownFileType = sourcecode.c.c; name = cipher.c; path = ../library/cipher.c; sourceTree = SOURCE_ROOT; };
		701F54042EC48FBB00BA01BE /* cipher_invasive.h */ = {isa = PBXFileReference; lastKnownFileType = sourcecode.c.h; name = cipher_invasive.h; path = ../library/cipher_invasive.h; sourceTree = SOURCE_ROOT; };
		701F54052EC48FBB00BA01BE /* cipher_wrap.h */ = {isa = PBXFileReference; lastKnownFileType = sourcecode.c.h; name = cipher_wrap.h; path = ../library/cipher_wrap.h; sourceTree = SOURCE_ROOT; };
		701F54062EC48FBB00BA01BE /* cipher_wrap.c */ = {isa = PBXFileReference; lastKnownFileType = sourcecode.c.c; name = cipher_wrap.c; path = ../library/cipher_wrap.c; sourceTree = SOURCE_ROOT; };
		701F54072EC48FBB00BA01BE /* cmac.c */ = {isa = PBXFileReference; lastKnownFileType = sourcecode.c.c; name = cmac.c; path = ../library/cmac.c; sourceTree = SOURCE_ROOT; };
		701F54082EC48FBB00BA01BE /* CMakeLists.txt */ = {isa = PBXFileReference; lastKnownFileType = text; name = CMakeLists.txt; path = ../library/CMakeLists.txt; sourceTree = SOURCE_ROOT; };
		701F54092EC48FBB00BA01BE /* common.h */ = {isa = PBXFileReference; lastKnownFileType = sourcecode.c.h; name = common.h; path = ../library/common.h; sourceTree = SOURCE_ROOT; };
		701F540A2EC48FBB00BA01BE /* constant_time.c */ = {isa = PBXFileReference; lastKnownFileType = sourcecode.c.c; name = constant_time.c; path = ../library/constant_time.c; sourceTree = SOURCE_ROOT; };
		701F540B2EC48FBB00BA01BE /* constant_time_impl.h */ = {isa = PBXFileReference; lastKnownFileType = sourcecode.c.h; name = constant_time_impl.h; path = ../library/constant_time_impl.h; sourceTree = SOURCE_ROOT; };
		701F540C2EC48FBB00BA01BE /* constant_time_internal.h */ = {isa = PBXFileReference; lastKnownFileType = sourcecode.c.h; name = constant_time_internal.h; path = ../library/constant_time_internal.h; sourceTree = SOURCE_ROOT; };
		701F540D2EC48FBB00BA01BE /* ctr.h */ = {isa = PBXFileReference; lastKnownFileType = sourcecode.c.h; name = ctr.h; path = ../library/ctr.h; sourceTree = SOURCE_ROOT; };
		701F540E2EC48FBB00BA01BE /* ctr_drbg.c */ = {isa = PBXFileReference; lastKnownFileType = sourcecode.c.c; name = ctr_drbg.c; path = ../library/ctr_drbg.c; sourceTree = SOURCE_ROOT; };
		701F540F2EC48FBB00BA01BE /* debug.c */ = {isa = PBXFileReference; lastKnownFileType = sourcecode.c.c; name = debug.c; path = ../library/debug.c; sourceTree = SOURCE_ROOT; };
		701F54102EC48FBB00BA01BE /* debug_internal.h */ = {isa = PBXFileReference; lastKnownFileType = sourcecode.c.h; name = debug_internal.h; path = ../library/debug_internal.h; sourceTree = SOURCE_ROOT; };
		701F54112EC48FBB00BA01BE /* des.c */ = {isa = PBXFileReference; lastKnownFileType = sourcecode.c.c; name = des.c; path = ../library/des.c; sourceTree = SOURCE_ROOT; };
		701F54122EC48FBB00BA01BE /* dhm.c */ = {isa = PBXFileReference; lastKnownFileType = sourcecode.c.c; name = dhm.c; path = ../library/dhm.c; sourceTree = SOURCE_ROOT; };
		701F54132EC48FBB00BA01BE /* ecdh.c */ = {isa = PBXFileReference; lastKnownFileType = sourcecode.c.c; name = ecdh.c; path = ../library/ecdh.c; sourceTree = SOURCE_ROOT; };
		701F54142EC48FBB00BA01BE /* ecdsa.c */ = {isa = PBXFileReference; lastKnownFileType = sourcecode.c.c; name = ecdsa.c; path = ../library/ecdsa.c; sourceTree = SOURCE_ROOT; };
		701F54152EC48FBB00BA01BE /* ecjpake.c */ = {isa = PBXFileReference; lastKnownFileType = sourcecode.c.c; name = ecjpake.c; path = ../library/ecjpake.c; sourceTree = SOURCE_ROOT; };
		701F54162EC48FBB00BA01BE /* ecp.c */ = {isa = PBXFileReference; lastKnownFileType = sourcecode.c.c; name = ecp.c; path = ../library/ecp.c; sourceTree = SOURCE_ROOT; };
		701F54172EC48FBB00BA01BE /* ecp_curves.c */ = {isa = PBXFileReference; lastKnownFileType = sourcecode.c.c; name = ecp_curves.c; path = ../library/ecp_curves.c; sourceTree = SOURCE_ROOT; };
		701F54182EC48FBB00BA01BE /* ecp_curves_new.c */ = {isa = PBXFileReference; lastKnownFileType = sourcecode.c.c; name = ecp_curves_new.c; path = ../library/ecp_curves_new.c; sourceTree = SOURCE_ROOT; };
		701F54192EC48FBB00BA01BE /* ecp_internal_alt.h */ = {isa = PBXFileReference; lastKnownFileType = sourcecode.c.h; name = ecp_internal_alt.h; path = ../library/ecp_internal_alt.h; sourceTree = SOURCE_ROOT; };
		701F541A2EC48FBB00BA01BE /* ecp_invasive.h */ = {isa = PBXFileReference; lastKnownFileType = sourcecode.c.h; name = ecp_invasive.h; path = ../library/ecp_invasive.h; sourceTree = SOURCE_ROOT; };
		701F541B2EC48FBB00BA01BE /* entropy.c */ = {isa = PBXFileReference; lastKnownFileType = sourcecode.c.c; name = entropy.c; path = ../library/entropy.c; sourceTree = SOURCE_ROOT; };
		701F541C2EC48FBB00BA01BE /* entropy_poll.h */ = {isa = PBXFileReference; lastKnownFileType = sourcecode.c.h; name = entropy_poll.h; path = ../library/entropy_poll.h; sourceTree = SOURCE_ROOT; };
		701F541D2EC48FBB00BA01BE /* entropy_poll.c */ = {isa = PBXFileReference; lastKnownFileType = sourcecode.c.c; name = entropy_poll.c; path = ../library/entropy_poll.c; sourceTree = SOURCE_ROOT; };
		701F541E2EC48FBB00BA01BE /* error.c */ = {isa = PBXFileReference; lastKnownFileType = sourcecode.c.c; name = error.c; path = ../library/error.c; sourceTree = SOURCE_ROOT; };
		701F541F2EC48FBB00BA01BE /* gcm.c */ = {isa = PBXFileReference; lastKnownFileType = sourcecode.c.c; name = gcm.c; path = ../library/gcm.c; sourceTree = SOURCE_ROOT; };
		701F54202EC48FBB00BA01BE /* hkdf.c */ = {isa = PBXFileReference; lastKnownFileType = sourcecode.c.c; name = hkdf.c; path = ../library/hkdf.c; sourceTree = SOURCE_ROOT; };
		701F54212EC48FBB00BA01BE /* hmac_drbg.c */ = {isa = PBXFileReference; lastKnownFileType = sourcecode.c.c; name = hmac_drbg.c; path = ../library/hmac_drbg.c; sourceTree = SOURCE_ROOT; };
		701F54222EC48FBB00BA01BE /* lmots.h */ = {isa = PBXFileReference; lastKnownFileType = sourcecode.c.h; name = lmots.h; path = ../library/lmots.h; sourceTree = SOURCE_ROOT; };
		701F54232EC48FBB00BA01BE /* lmots.c */ = {isa = PBXFileReference; lastKnownFileType = sourcecode.c.c; name = lmots.c; path = ../library/lmots.c; sourceTree = SOURCE_ROOT; };
		701F54242EC48FBB00BA01BE /* lms.c */ = {isa = PBXFileReference; lastKnownFileType = sourcecode.c.c; name = lms.c; path = ../library/lms.c; sourceTree = SOURCE_ROOT; };
		701F54252EC48FBB00BA01BE /* Makefile */ = {isa = PBXFileReference; lastKnownFileType = sourcecode.make; name = Makefile; path = ../library/Makefile; sourceTree = SOURCE_ROOT; };
		701F54262EC48FBB00BA01BE /* md.c */ = {isa = PBXFileReference; lastKnownFileType = sourcecode.c.c; name = md.c; path = ../library/md.c; sourceTree = SOURCE_ROOT; };
		701F54272EC48FBB00BA01BE /* md_psa.h */ = {isa = PBXFileReference; lastKnownFileType = sourcecode.c.h; name = md_psa.h; path = ../library/md_psa.h; sourceTree = SOURCE_ROOT; };
		701F54282EC48FBB00BA01BE /* md_wrap.h */ = {isa = PBXFileReference; lastKnownFileType = sourcecode.c.h; name = md_wrap.h; path = ../library/md_wrap.h; sourceTree = SOURCE_ROOT; };
		701F54292EC48FBB00BA01BE /* md5.c */ = {isa = PBXFileReference; lastKnownFileType = sourcecode.c.c; name = md5.c; path = ../library/md5.c; sourceTree = SOURCE_ROOT; };
		701F542A2EC48FBB00BA01BE /* memory_buffer_alloc.c */ = {isa = PBXFileReference; lastKnownFileType = sourcecode.c.c; name = memory_buffer_alloc.c; path = ../library/memory_buffer_alloc.c; sourceTree = SOURCE_ROOT; };
		701F542B2EC48FBB00BA01BE /* mps_common.h */ = {isa = PBXFileReference; lastKnownFileType = sourcecode.c.h; name = mps_common.h; path = ../library/mps_common.h; sourceTree = SOURCE_ROOT; };
		701F542C2EC48FBB00BA01BE /* mps_error.h */ = {isa = PBXFileReference; lastKnownFileType = sourcecode.c.h; name = mps_error.h; path = ../library/mps_error.h; sourceTree = SOURCE_ROOT; };
		701F542D2EC48FBB00BA01BE /* mps_reader.h */ = {isa = PBXFileReference; lastKnownFileType = sourcecode.c.h; name = mps_reader.h; path = ../library/mps_reader.h; sourceTree = SOURCE_ROOT; };
		701F542E2EC48FBB00BA01BE /* mps_reader.c */ = {isa = PBXFileReference; lastKnownFileType = sourcecode.c.c; name = mps_reader.c; path = ../library/mps_reader.c; sourceTree = SOURCE_ROOT; };
		701F542F2EC48FBB00BA01BE /* mps_trace.h */ = {isa = PBXFileReference; lastKnownFileType = sourcecode.c.h; name = mps_trace.h; path = ../library/mps_trace.h; sourceTree = SOURCE_ROOT; };
		701F54302EC48FBB00BA01BE /* mps_trace.c */ = {isa = PBXFileReference; lastKnownFileType = sourcecode.c.c; name = mps_trace.c; path = ../library/mps_trace.c; sourceTree = SOURCE_ROOT; };
		701F54312EC48FBB00BA01BE /* net_sockets.c */ = {isa = PBXFileReference; lastKnownFileType = sourcecode.c.c; name = net_sockets.c; path = ../library/net_sockets.c; sourceTree = SOURCE_ROOT; };
		701F54322EC48FBB00BA01BE /* nist_kw.c */ = {isa = PBXFileReference; lastKnownFileType = sourcecode.c.c; name = nist_kw.c; path = ../library/nist_kw.c; sourceTree = SOURCE_ROOT; };
		701F54332EC48FBB00BA01BE /* oid.c */ = {isa = PBXFileReference; lastKnownFileType = sourcecode.c.c; name = oid.c; path = ../library/oid.c; sourceTree = SOURCE_ROOT; };
		701F54342EC48FBB00BA01BE /* padlock.h */ = {isa = PBXFileReference; lastKnownFileType = sourcecode.c.h; name = padlock.h; path = ../library/padlock.h; sourceTree = SOURCE_ROOT; };
		701F54352EC48FBB00BA01BE /* padlock.c */ = {isa = PBXFileReference; lastKnownFileType = sourcecode.c.c; name = padlock.c; path = ../library/padlock.c; sourceTree = SOURCE_ROOT; };
		701F54362EC48FBB00BA01BE /* pem.c */ = {isa = PBXFileReference; lastKnownFileType = sourcecode.c.c; name = pem.c; path = ../library/pem.c; sourceTree = SOURCE_ROOT; };
		701F54372EC48FBB00BA01BE /* pk.c */ = {isa = PBXFileReference; lastKnownFileType = sourcecode.c.c; name = pk.c; path = ../library/pk.c; sourceTree = SOURCE_ROOT; };
		701F54382EC48FBB00BA01BE /* pk_ecc.c */ = {isa = PBXFileReference; lastKnownFileType = sourcecode.c.c; name = pk_ecc.c; path = ../library/pk_ecc.c; sourceTree = SOURCE_ROOT; };
		701F54392EC48FBB00BA01BE /* pk_internal.h */ = {isa = PBXFileReference; lastKnownFileType = sourcecode.c.h; name = pk_internal.h; path = ../library/pk_internal.h; sourceTree = SOURCE_ROOT; };
		701F543A2EC48FBB00BA01BE /* pk_wrap.h */ = {isa = PBXFileReference; lastKnownFileType = sourcecode.c.h; name = pk_wrap.h; path = ../library/pk_wrap.h; sourceTree = SOURCE_ROOT; };
		701F543B2EC48FBB00BA01BE /* pk_wrap.c */ = {isa = PBXFileReference; lastKnownFileType = sourcecode.c.c; name = pk_wrap.c; path = ../library/pk_wrap.c; sourceTree = SOURCE_ROOT; };
		701F543C2EC48FBB00BA01BE /* pkcs5.c */ = {isa = PBXFileReference; lastKnownFileType = sourcecode.c.c; name = pkcs5.c; path = ../library/pkcs5.c; sourceTree = SOURCE_ROOT; };
		701F543D2EC48FBB00BA01BE /* pkcs7.c */ = {isa = PBXFileReference; lastKnownFileType = sourcecode.c.c; name = pkcs7.c; path = ../library/pkcs7.c; sourceTree = SOURCE_ROOT; };
		701F543E2EC48FBB00BA01BE /* pkcs12.c */ = {isa = PBXFileReference; lastKnownFileType = sourcecode.c.c; name = pkcs12.c; path = ../library/pkcs12.c; sourceTree = SOURCE_ROOT; };
		701F543F2EC48FBB00BA01BE /* pkparse.c */ = {isa = PBXFileReference; lastKnownFileType = sourcecode.c.c; name = pkparse.c; path = ../library/pkparse.c; sourceTree = SOURCE_ROOT; };
		701F54402EC48FBB00BA01BE /* pkwrite.h */ = {isa = PBXFileReference; lastKnownFileType = sourcecode.c.h; name = pkwrite.h; path = ../library/pkwrite.h; sourceTree = SOURCE_ROOT; };
		701F54412EC48FBB00BA01BE /* pkwrite.c */ = {isa = PBXFileReference; lastKnownFileType = sourcecode.c.c; name = pkwrite.c; path = ../library/pkwrite.c; sourceTree = SOURCE_ROOT; };
		701F54422EC48FBB00BA01BE /* platform.c */ = {isa = PBXFileReference; lastKnownFileType = sourcecode.c.c; name = platform.c; path = ../library/platform.c; sourceTree = SOURCE_ROOT; };
		701F54432EC48FBB00BA01BE /* platform_util.c */ = {isa = PBXFileReference; lastKnownFileType = sourcecode.c.c; name = platform_util.c; path = ../library/platform_util.c; sourceTree = SOURCE_ROOT; };
		701F54442EC48FBB00BA01BE /* poly1305.c */ = {isa = PBXFileReference; lastKnownFileType = sourcecode.c.c; name = poly1305.c; path = ../library/poly1305.c; sourceTree = SOURCE_ROOT; };
		701F54452EC48FBB00BA01BE /* psa_crypto.c */ = {isa = PBXFileReference; lastKnownFileType = sourcecode.c.c; name = psa_crypto.c; path = ../library/psa_crypto.c; sourceTree = SOURCE_ROOT; };
		701F54462EC48FBB00BA01BE /* psa_crypto_aead.h */ = {isa = PBXFileReference; lastKnownFileType = sourcecode.c.h; name = psa_crypto_aead.h; path = ../library/psa_crypto_aead.h; sourceTree = SOURCE_ROOT; };
		701F54472EC48FBB00BA01BE /* psa_crypto_aead.c */ = {isa = PBXFileReference; lastKnownFileType = sourcecode.c.c; name = psa_crypto_aead.c; path = ../library/psa_crypto_aead.c; sourceTree = SOURCE_ROOT; };
		701F54482EC48FBB00BA01BE /* psa_crypto_cipher.h */ = {isa = PBXFileReference; lastKnownFileType = sourcecode.c.h; name = psa_crypto_cipher.h; path = ../library/psa_crypto_cipher.h; sourceTree = SOURCE_ROOT; };
		701F54492EC48FBB00BA01BE /* psa_crypto_cipher.c */ = {isa = PBXFileReference; lastKnownFileType = sourcecode.c.c; name = psa_crypto_cipher.c; path = ../library/psa_crypto_cipher.c; sourceTree = SOURCE_ROOT; };
		701F544A2EC48FBB00BA01BE /* psa_crypto_client.c */ = {isa = PBXFileReference; lastKnownFileType = sourcecode.c.c; name = psa_crypto_client.c; path = ../library/psa_crypto_client.c; sourceTree = SOURCE_ROOT; };
		701F544B2EC48FBB00BA01BE /* psa_crypto_core.h */ = {isa = PBXFileReference; lastKnownFileType = sourcecode.c.h; name = psa_crypto_core.h; path = ../library/psa_crypto_core.h; sourceTree = SOURCE_ROOT; };
		701F544C2EC48FBB00BA01BE /* psa_crypto_core_common.h */ = {isa = PBXFileReference; lastKnownFileType = sourcecode.c.h; name = psa_crypto_core_common.h; path = ../library/psa_crypto_core_common.h; sourceTree = SOURCE_ROOT; };
		701F544D2EC48FBB00BA01BE /* psa_crypto_driver_wrappers.h */ = {isa = PBXFileReference; lastKnownFileType = sourcecode.c.h; name = psa_crypto_driver_wrappers.h; path = ../library/psa_crypto_driver_wrappers.h; sourceTree = SOURCE_ROOT; };
		701F544E2EC48FBB00BA01BE /* psa_crypto_driver_wrappers_no_static.h */ = {isa = PBXFileReference; lastKnownFileType = sourcecode.c.h; name = psa_crypto_driver_wrappers_no_static.h; path = ../library/psa_crypto_driver_wrappers_no_static.h; sourceTree = SOURCE_ROOT; };
		701F544F2EC48FBB00BA01BE /* psa_crypto_driver_wrappers_no_static.c */ = {isa = PBXFileReference; lastKnownFileType = sourcecode.c.c; name = psa_crypto_driver_wrappers_no_static.c; path = ../library/psa_crypto_driver_wrappers_no_static.c; sourceTree = SOURCE_ROOT; };
		701F54502EC48FBB00BA01BE /* psa_crypto_ecp.h */ = {isa = PBXFileReference; lastKnownFileType = sourcecode.c.h; name = psa_crypto_ecp.h; path = ../library/psa_crypto_ecp.h; sourceTree = SOURCE_ROOT; };
		701F54512EC48FBB00BA01BE /* psa_crypto_ecp.c */ = {isa = PBXFileReference; lastKnownFileType = sourcecode.c.c; name = psa_crypto_ecp.c; path = ../library/psa_crypto_ecp.c; sourceTree = SOURCE_ROOT; };
		701F54522EC48FBB00BA01BE /* psa_crypto_ffdh.h */ = {isa = PBXFileReference; lastKnownFileType = sourcecode.c.h; name = psa_crypto_ffdh.h; path = ../library/psa_crypto_ffdh.h; sourceTree = SOURCE_ROOT; };
		701F54532EC48FBB00BA01BE /* psa_crypto_ffdh.c */ = {isa = PBXFileReference; lastKnownFileType = sourcecode.c.c; name = psa_crypto_ffdh.c; path = ../library/psa_crypto_ffdh.c; sourceTree = SOURCE_ROOT; };
		701F54542EC48FBB00BA01BE /* psa_crypto_hash.h */ = {isa = PBXFileReference; lastKnownFileType = sourcecode.c.h; name = psa_crypto_hash.h; path = ../library/psa_crypto_hash.h; sourceTree = SOURCE_ROOT; };
		701F54552EC48FBB00BA01BE /* psa_crypto_hash.c */ = {isa = PBXFileReference; lastKnownFileType = sourcecode.c.c; name = psa_crypto_hash.c; path = ../library/psa_crypto_hash.c; sourceTree = SOURCE_ROOT; };
		701F54562EC48FBB00BA01BE /* psa_crypto_invasive.h */ = {isa = PBXFileReference; lastKnownFileType = sourcecode.c.h; name = psa_crypto_invasive.h; path = ../library/psa_crypto_invasive.h; sourceTree = SOURCE_ROOT; };
		701F54572EC48FBB00BA01BE /* psa_crypto_its.h */ = {isa = PBXFileReference; lastKnownFileType = sourcecode.c.h; name = psa_crypto_its.h; path = ../library/psa_crypto_its.h; sourceTree = SOURCE_ROOT; };
		701F54582EC48FBB00BA01BE /* psa_crypto_mac.h */ = {isa = PBXFileReference; lastKnownFileType = sourcecode.c.h; name = psa_crypto_mac.h; path = ../library/psa_crypto_mac.h; sourceTree = SOURCE_ROOT; };
		701F54592EC48FBB00BA01BE /* psa_crypto_mac.c */ = {isa = PBXFileReference; lastKnownFileType = sourcecode.c.c; name = psa_crypto_mac.c; path = ../library/psa_crypto_mac.c; sourceTree = SOURCE_ROOT; };
		701F545A2EC48FBB00BA01BE /* psa_crypto_pake.h */ = {isa = PBXFileReference; lastKnownFileType = sourcecode.c.h; name = psa_crypto_pake.h; path = ../library/psa_crypto_pake.h; sourceTree = SOURCE_ROOT; };
		701F545B2EC48FBB00BA01BE /* psa_crypto_pake.c */ = {isa = PBXFileReference; lastKnownFileType = sourcecode.c.c; name = psa_crypto_pake.c; path = ../library/psa_crypto_pake.c; sourceTree = SOURCE_ROOT; };
		701F545C2EC48FBB00BA01BE /* psa_crypto_random_impl.h */ = {isa = PBXFileReference; lastKnownFileType = sourcecode.c.h; name = psa_crypto_random_impl.h; path = ../library/psa_crypto_random_impl.h; sourceTree = SOURCE_ROOT; };
		701F545D2EC48FBB00BA01BE /* psa_crypto_rsa.h */ = {isa = PBXFileReference; lastKnownFileType = sourcecode.c.h; name = psa_crypto_rsa.h; path = ../library/psa_crypto_rsa.h; sourceTree = SOURCE_ROOT; };
		701F545E2EC48FBB00BA01BE /* psa_crypto_rsa.c */ = {isa = PBXFileReference; lastKnownFileType = sourcecode.c.c; name = psa_crypto_rsa.c; path = ../library/psa_crypto_rsa.c; sourceTree = SOURCE_ROOT; };
		701F545F2EC48FBB00BA01BE /* psa_crypto_se.h */ = {isa = PBXFileReference; lastKnownFileType = sourcecode.c.h; name = psa_crypto_se.h; path = ../library/psa_crypto_se.h; sourceTree = SOURCE_ROOT; };
		701F54602EC48FBB00BA01BE /* psa_crypto_se.c */ = {isa = PBXFileReference; lastKnownFileType = sourcecode.c.c; name = psa_crypto_se.c; path = ../library/psa_crypto_se.c; sourceTree = SOURCE_ROOT; };
		701F54612EC48FBB00BA01BE /* psa_crypto_slot_management.h */ = {isa = PBXFileReference; lastKnownFileType = sourcecode.c.h; name = psa_crypto_slot_management.h; path = ../library/psa_crypto_slot_management.h; sourceTree = SOURCE_ROOT; };
		701F54622EC48FBB00BA01BE /* psa_crypto_slot_management.c */ = {isa = PBXFileReference; lastKnownFileType = sourcecode.c.c; name = psa_crypto_slot_management.c; path = ../library/psa_crypto_slot_management.c; sourceTree = SOURCE_ROOT; };
		701F54632EC48FBB00BA01BE /* psa_crypto_storage.h */ = {isa = PBXFileReference; lastKnownFileType = sourcecode.c.h; name = psa_crypto_storage.h; path = ../library/psa_crypto_storage.h; sourceTree = SOURCE_ROOT; };
		701F54642EC48FBB00BA01BE /* psa_crypto_storage.c */ = {isa = PBXFileReference; lastKnownFileType = sourcecode.c.c; name = psa_crypto_storage.c; path = ../library/psa_crypto_storage.c; sourceTree = SOURCE_ROOT; };
		701F54652EC48FBB00BA01BE /* psa_its_file.c */ = {isa = PBXFileReference; lastKnownFileType = sourcecode.c.c; name = psa_its_file.c; path = ../library/psa_its_file.c; sourceTree = SOURCE_ROOT; };
		701F54662EC48FBB00BA01BE /* psa_util.c */ = {isa = PBXFileReference; lastKnownFileType = sourcecode.c.c; name = psa_util.c; path = ../library/psa_util.c; sourceTree = SOURCE_ROOT; };
		701F54672EC48FBB00BA01BE /* psa_util_internal.h */ = {isa = PBXFileReference; lastKnownFileType = sourcecode.c.h; name = psa_util_internal.h; path = ../library/psa_util_internal.h; sourceTree = SOURCE_ROOT; };
		701F54682EC48FBB00BA01BE /* ripemd160.c */ = {isa = PBXFileReference; lastKnownFileType = sourcecode.c.c; name = ripemd160.c; path = ../library/ripemd160.c; sourceTree = SOURCE_ROOT; };
		701F54692EC48FBB00BA01BE /* rsa.c */ = {isa = PBXFileReference; lastKnownFileType = sourcecode.c.c; name = rsa.c; path = ../library/rsa.c; sourceTree = SOURCE_ROOT; };
		701F546A2EC48FBB00BA01BE /* rsa_alt_helpers.h */ = {isa = PBXFileReference; lastKnownFileType = sourcecode.c.h; name = rsa_alt_helpers.h; path = ../library/rsa_alt_helpers.h; sourceTree = SOURCE_ROOT; };
		701F546B2EC48FBB00BA01BE /* rsa_alt_helpers.c */ = {isa = PBXFileReference; lastKnownFileType = sourcecode.c.c; name = rsa_alt_helpers.c; path = ../library/rsa_alt_helpers.c; sourceTree = SOURCE_ROOT; };
		701F546C2EC48FBB00BA01BE /* rsa_internal.h */ = {isa = PBXFileReference; lastKnownFileType = sourcecode.c.h; name = rsa_internal.h; path = ../library/rsa_internal.h; sourceTree = SOURCE_ROOT; };
		701F546D2EC48FBB00BA01BE /* sha1.c */ = {isa = PBXFileReference; lastKnownFileType = sourcecode.c.c; name = sha1.c; path = ../library/sha1.c; sourceTree = SOURCE_ROOT; };
		701F546E2EC48FBB00BA01BE /* sha3.c */ = {isa = PBXFileReference; lastKnownFileType = sourcecode.c.c; name = sha3.c; path = ../library/sha3.c; sourceTree = SOURCE_ROOT; };
		701F546F2EC48FBB00BA01BE /* sha256.c */ = {isa = PBXFileReference; lastKnownFileType = sourcecode.c.c; name = sha256.c; path = ../library/sha256.c; sourceTree = SOURCE_ROOT; };
		701F54702EC48FBB00BA01BE /* sha512.c */ = {isa = PBXFileReference; lastKnownFileType = sourcecode.c.c; name = sha512.c; path = ../library/sha512.c; sourceTree = SOURCE_ROOT; };
		701F54712EC48FBB00BA01BE /* ssl_cache.c */ = {isa = PBXFileReference; lastKnownFileType = sourcecode.c.c; name = ssl_cache.c; path = ../library/ssl_cache.c; sourceTree = SOURCE_ROOT; };
		701F54722EC48FBB00BA01BE /* ssl_ciphersuites.c */ = {isa = PBXFileReference; lastKnownFileType = sourcecode.c.c; name = ssl_ciphersuites.c; path = ../library/ssl_ciphersuites.c; sourceTree = SOURCE_ROOT; };
		701F54732EC48FBB00BA01BE /* ssl_ciphersuites_internal.h */ = {isa = PBXFileReference; lastKnownFileType = sourcecode.c.h; name = ssl_ciphersuites_internal.h; path = ../library/ssl_ciphersuites_internal.h; sourceTree = SOURCE_ROOT; };
		701F54742EC48FBB00BA01BE /* ssl_client.h */ = {isa = PBXFileReference; lastKnownFileType = sourcecode.c.h; name = ssl_client.h; path = ../library/ssl_client.h; sourceTree = SOURCE_ROOT; };
		701F54752EC48FBB00BA01BE /* ssl_client.c */ = {isa = PBXFileReference; lastKnownFileType = sourcecode.c.c; name = ssl_client.c; path = ../library/ssl_client.c; sourceTree = SOURCE_ROOT; };
		701F54762EC48FBB00BA01BE /* ssl_cookie.c */ = {isa = PBXFileReference; lastKnownFileType = sourcecode.c.c; name = ssl_cookie.c; path = ../library/ssl_cookie.c; sourceTree = SOURCE_ROOT; };
		701F54772EC48FBB00BA01BE /* ssl_debug_helpers.h */ = {isa = PBXFileReference; lastKnownFileType = sourcecode.c.h; name = ssl_debug_helpers.h; path = ../library/ssl_debug_helpers.h; sourceTree = SOURCE_ROOT; };
		701F54782EC48FBB00BA01BE /* ssl_debug_helpers_generated.c */ = {isa = PBXFileReference; lastKnownFileType = sourcecode.c.c; name = ssl_debug_helpers_generated.c; path = ../library/ssl_debug_helpers_generated.c; sourceTree = SOURCE_ROOT; };
		701F54792EC48FBB00BA01BE /* ssl_misc.h */ = {isa = PBXFileReference; lastKnownFileType = sourcecode.c.h; name = ssl_misc.h; path = ../library/ssl_misc.h; sourceTree = SOURCE_ROOT; };
		701F547A2EC48FBB00BA01BE /* ssl_msg.c */ = {isa = PBXFileReference; lastKnownFileType = sourcecode.c.c; name = ssl_msg.c; path = ../library/ssl_msg.c; sourceTree = SOURCE_ROOT; };
		701F547B2EC48FBB00BA01BE /* ssl_ticket.c */ = {isa = PBXFileReference; lastKnownFileType = sourcecode.c.c; name = ssl_ticket.c; path = ../library/ssl_ticket.c; sourceTree = SOURCE_ROOT; };
		701F547C2EC48FBB00BA01BE /* ssl_tls.c */ = {isa = PBXFileReference; lastKnownFileType = sourcecode.c.c; name = ssl_tls.c; path = ../library/ssl_tls.c; sourceTree = SOURCE_ROOT; };
		701F547D2EC48FBB00BA01BE /* ssl_tls12_client.c */ = {isa = PBXFileReference; lastKnownFileType = sourcecode.c.c; name = ssl_tls12_client.c; path = ../library/ssl_tls12_client.c; sourceTree = SOURCE_ROOT; };
		701F547E2EC48FBB00BA01BE /* ssl_tls12_server.c */ = {isa = PBXFileReference; lastKnownFileType = sourcecode.c.c; name = ssl_tls12_server.c; path = ../library/ssl_tls12_server.c; sourceTree = SOURCE_ROOT; };
		701F547F2EC48FBB00BA01BE /* ssl_tls13_client.c */ = {isa = PBXFileReference; lastKnownFileType = sourcecode.c.c; name = ssl_tls13_client.c; path = ../library/ssl_tls13_client.c; sourceTree = SOURCE_ROOT; };
		701F54802EC48FBB00BA01BE /* ssl_tls13_generic.c */ = {isa = PBXFileReference; lastKnownFileType = sourcecode.c.c; name = ssl_tls13_generic.c; path = ../library/ssl_tls13_generic.c; sourceTree = SOURCE_ROOT; };
		701F54812EC48FBB00BA01BE /* ssl_tls13_invasive.h */ = {isa = PBXFileReference; lastKnownFileType = sourcecode.c.h; name = ssl_tls13_invasive.h; path = ../library/ssl_tls13_invasive.h; sourceTree = SOURCE_ROOT; };
		701F54822EC48FBB00BA01BE /* ssl_tls13_keys.h */ = {isa = PBXFileReference; lastKnownFileType = sourcecode.c.h; name = ssl_tls13_keys.h; path = ../library/ssl_tls13_keys.h; sourceTree = SOURCE_ROOT; };
		701F54832EC48FBB00BA01BE /* ssl_tls13_keys.c */ = {isa = PBXFileReference; lastKnownFileType = sourcecode.c.c; name = ssl_tls13_keys.c; path = ../library/ssl_tls13_keys.c; sourceTree = SOURCE_ROOT; };
		701F54842EC48FBB00BA01BE /* ssl_tls13_server.c */ = {isa = PBXFileReference; lastKnownFileType = sourcecode.c.c; name = ssl_tls13_server.c; path = ../library/ssl_tls13_server.c; sourceTree = SOURCE_ROOT; };
		701F54852EC48FBB00BA01BE /* threading.c */ = {isa = PBXFileReference; lastKnownFileType = sourcecode.c.c; name = threading.c; path = ../library/threading.c; sourceTree = SOURCE_ROOT; };
		701F54862EC48FBB00BA01BE /* threading_internal.h */ = {isa = PBXFileReference; lastKnownFileType = sourcecode.c.h; name = threading_internal.h; path = ../library/threading_internal.h; sourceTree = SOURCE_ROOT; };
		701F54872EC48FBB00BA01BE /* timing.c */ = {isa = PBXFileReference; lastKnownFileType = sourcecode.c.c; name = timing.c; path = ../library/timing.c; sourceTree = SOURCE_ROOT; };
		701F54882EC48FBB00BA01BE /* version.c */ = {isa = PBXFileReference; lastKnownFileType = sourcecode.c.c; name = version.c; path = ../library/version.c; sourceTree = SOURCE_ROOT; };
		701F54892EC48FBB00BA01BE /* version_features.c */ = {isa = PBXFileReference; lastKnownFileType = sourcecode.c.c; name = version_features.c; path = ../library/version_features.c; sourceTree = SOURCE_ROOT; };
		701F548A2EC48FBB00BA01BE /* x509.c */ = {isa = PBXFileReference; lastKnownFileType = sourcecode.c.c; name = x509.c; path = ../library/x509.c; sourceTree = SOURCE_ROOT; };
		701F548B2EC48FBB00BA01BE /* x509_create.c */ = {isa = PBXFileReference; lastKnownFileType = sourcecode.c.c; name = x509_create.c; path = ../library/x509_create.c; sourceTree = SOURCE_ROOT; };
		701F548C2EC48FBB00BA01BE /* x509_crl.c */ = {isa = PBXFileReference; lastKnownFileType = sourcecode.c.c; name = x509_crl.c; path = ../library/x509_crl.c; sourceTree = SOURCE_ROOT; };
		701F548D2EC48FBB00BA01BE /* x509_crt.c */ = {isa = PBXFileReference; lastKnownFileType = sourcecode.c.c; name = x509_crt.c; path = ../library/x509_crt.c; sourceTree = SOURCE_ROOT; };
		701F548E2EC48FBB00BA01BE /* x509_csr.c */ = {isa = PBXFileReference; lastKnownFileType = sourcecode.c.c; name = x509_csr.c; path = ../library/x509_csr.c; sourceTree = SOURCE_ROOT; };
		701F548F2EC48FBB00BA01BE /* x509_internal.h */ = {isa = PBXFileReference; lastKnownFileType = sourcecode.c.h; name = x509_internal.h; path = ../library/x509_internal.h; sourceTree = SOURCE_ROOT; };
		701F54902EC48FBB00BA01BE /* x509write.c */ = {isa = PBXFileReference; lastKnownFileType = sourcecode.c.c; name = x509write.c; path = ../library/x509write.c; sourceTree = SOURCE_ROOT; };
		701F54912EC48FBB00BA01BE /* x509write_crt.c */ = {isa = PBXFileReference; lastKnownFileType = sourcecode.c.c; name = x509write_crt.c; path = ../library/x509write_crt.c; sourceTree = SOURCE_ROOT; };
		701F54922EC48FBB00BA01BE /* x509write_csr.c */ = {isa = PBXFileReference; lastKnownFileType = sourcecode.c.c; name = x509write_csr.c; path = ../library/x509write_csr.c; sourceTree = SOURCE_ROOT; };
		701F55192EC4906000BA01BE /* build_info.h */ = {isa = PBXFileReference; lastKnownFileType = sourcecode.c.h; path = build_info.h; sourceTree = "<group>"; };
		701F551A2EC4906000BA01BE /* crypto.h */ = {isa = PBXFileReference; lastKnownFileType = sourcecode.c.h; path = crypto.h; sourceTree = "<group>"; };
		701F551B2EC4906000BA01BE /* crypto_adjust_auto_enabled.h */ = {isa = PBXFileReference; lastKnownFileType = sourcecode.c.h; path = crypto_adjust_auto_enabled.h; sourceTree = "<group>"; };
		701F551C2EC4906000BA01BE /* crypto_adjust_config_dependencies.h */ = {isa = PBXFileReference; lastKnownFileType = sourcecode.c.h; path = crypto_adjust_config_dependencies.h; sourceTree = "<group>"; };
		701F551D2EC4906000BA01BE /* crypto_adjust_config_key_pair_types.h */ = {isa = PBXFileReference; lastKnownFileType = sourcecode.c.h; path = crypto_adjust_config_key_pair_types.h; sourceTree = "<group>"; };
		701F551E2EC4906000BA01BE /* crypto_adjust_config_synonyms.h */ = {isa = PBXFileReference; lastKnownFileType = sourcecode.c.h; path = crypto_adjust_config_synonyms.h; sourceTree = "<group>"; };
		701F551F2EC4906000BA01BE /* crypto_builtin_composites.h */ = {isa = PBXFileReference; lastKnownFileType = sourcecode.c.h; path = crypto_builtin_composites.h; sourceTree = "<group>"; };
		701F55202EC4906000BA01BE /* crypto_builtin_key_derivation.h */ = {isa = PBXFileReference; lastKnownFileType = sourcecode.c.h; path = crypto_builtin_key_derivation.h; sourceTree = "<group>"; };
		701F55212EC4906000BA01BE /* crypto_builtin_primitives.h */ = {isa = PBXFileReference; lastKnownFileType = sourcecode.c.h; path = crypto_builtin_primitives.h; sourceTree = "<group>"; };
		701F55222EC4906000BA01BE /* crypto_compat.h */ = {isa = PBXFileReference; lastKnownFileType = sourcecode.c.h; path = crypto_compat.h; sourceTree = "<group>"; };
		701F55232EC4906000BA01BE /* crypto_config.h */ = {isa = PBXFileReference; lastKnownFileType = sourcecode.c.h; path = crypto_config.h; sourceTree = "<group>"; };
		701F55242EC4906000BA01BE /* crypto_driver_common.h */ = {isa = PBXFileReference; lastKnownFileType = sourcecode.c.h; path = crypto_driver_common.h; sourceTree = "<group>"; };
		701F55252EC4906000BA01BE /* crypto_driver_contexts_composites.h */ = {isa = PBXFileReference; lastKnownFileType = sourcecode.c.h; path = crypto_driver_contexts_composites.h; sourceTree = "<group>"; };
		701F55262EC4906000BA01BE /* crypto_driver_contexts_key_derivation.h */ = {isa = PBXFileReference; lastKnownFileType = sourcecode.c.h; path = crypto_driver_contexts_key_derivation.h; sourceTree = "<group>"; };
		701F55272EC4906000BA01BE /* crypto_driver_contexts_primitives.h */ = {isa = PBXFileReference; lastKnownFileType = sourcecode.c.h; path = crypto_driver_contexts_primitives.h; sourceTree = "<group>"; };
		701F55282EC4906000BA01BE /* crypto_extra.h */ = {isa = PBXFileReference; lastKnownFileType = sourcecode.c.h; path = crypto_extra.h; sourceTree = "<group>"; };
		701F55292EC4906000BA01BE /* crypto_legacy.h */ = {isa = PBXFileReference; lastKnownFileType = sourcecode.c.h; path = crypto_legacy.h; sourceTree = "<group>"; };
		701F552A2EC4906000BA01BE /* crypto_platform.h */ = {isa = PBXFileReference; lastKnownFileType = sourcecode.c.h; path = crypto_platform.h; sourceTree = "<group>"; };
		701F552B2EC4906000BA01BE /* crypto_se_driver.h */ = {isa = PBXFileReference; lastKnownFileType = sourcecode.c.h; path = crypto_se_driver.h; sourceTree = "<group>"; };
		701F552C2EC4906000BA01BE /* crypto_sizes.h */ = {isa = PBXFileReference; lastKnownFileType = sourcecode.c.h; path = crypto_sizes.h; sourceTree = "<group>"; };
		701F552D2EC4906000BA01BE /* crypto_struct.h */ = {isa = PBXFileReference; lastKnownFileType = sourcecode.c.h; path = crypto_struct.h; sourceTree = "<group>"; };
		701F552E2EC4906000BA01BE /* crypto_types.h */ = {isa = PBXFileReference; lastKnownFileType = sourcecode.c.h; path = crypto_types.h; sourceTree = "<group>"; };
		701F552F2EC4906000BA01BE /* crypto_values.h */ = {isa = PBXFileReference; lastKnownFileType = sourcecode.c.h; path = crypto_values.h; sourceTree = "<group>"; };
/* End PBXFileReference section */

/* Begin PBXFrameworksBuildPhase section */
		7002480F2340E59700112D2A /* Frameworks */ = {
			isa = PBXFrameworksBuildPhase;
			buildActionMask = 2147483647;
			files = (
			);
			runOnlyForDeploymentPostprocessing = 0;
		};
/* End PBXFrameworksBuildPhase section */

/* Begin PBXGroup section */
		700248092340E59700112D2A = {
			isa = PBXGroup;
			children = (
				700248142340E59700112D2A /* mbedtls */,
				700248132340E59700112D2A /* Products */,
			);
			sourceTree = "<group>";
		};
		700248132340E59700112D2A /* Products */ = {
			isa = PBXGroup;
			children = (
				700248122340E59700112D2A /* libmbedtls.a */,
			);
			name = Products;
			sourceTree = "<group>";
		};
		700248142340E59700112D2A /* mbedtls */ = {
			isa = PBXGroup;
			children = (
				7002489B2340E83600112D2A /* include */,
				700248202340E5EE00112D2A /* src */,
				700248152340E59700112D2A /* mbedtls.h */,
				700248162340E59700112D2A /* mbedtls.m */,
			);
			path = mbedtls;
			sourceTree = "<group>";
		};
		700248202340E5EE00112D2A /* src */ = {
			isa = PBXGroup;
			children = (
				701F53E62EC48FBB00BA01BE /* aes.c */,
				701F53E72EC48FBB00BA01BE /* aesce.h */,
				701F53E82EC48FBB00BA01BE /* aesce.c */,
				701F53E92EC48FBB00BA01BE /* aesni.h */,
				701F53EA2EC48FBB00BA01BE /* aesni.c */,
				701F53EB2EC48FBB00BA01BE /* alignment.h */,
				701F53EC2EC48FBB00BA01BE /* aria.c */,
				701F53ED2EC48FBB00BA01BE /* asn1parse.c */,
				701F53EE2EC48FBB00BA01BE /* asn1write.c */,
				701F53EF2EC48FBB00BA01BE /* base64.c */,
				701F53F02EC48FBB00BA01BE /* base64_internal.h */,
				701F53F12EC48FBB00BA01BE /* bignum.c */,
				701F53F22EC48FBB00BA01BE /* bignum_core.h */,
				701F53F32EC48FBB00BA01BE /* bignum_core.c */,
				701F53F42EC48FBB00BA01BE /* bignum_core_invasive.h */,
				701F53F52EC48FBB00BA01BE /* bignum_internal.h */,
				701F53F62EC48FBB00BA01BE /* bignum_mod.h */,
				701F53F72EC48FBB00BA01BE /* bignum_mod.c */,
				701F53F82EC48FBB00BA01BE /* bignum_mod_raw.h */,
				701F53F92EC48FBB00BA01BE /* bignum_mod_raw.c */,
				701F53FA2EC48FBB00BA01BE /* bignum_mod_raw_invasive.h */,
				701F53FB2EC48FBB00BA01BE /* block_cipher.c */,
				701F53FC2EC48FBB00BA01BE /* block_cipher_internal.h */,
				701F53FD2EC48FBB00BA01BE /* bn_mul.h */,
				701F53FE2EC48FBB00BA01BE /* camellia.c */,
				701F53FF2EC48FBB00BA01BE /* ccm.c */,
				701F54002EC48FBB00BA01BE /* chacha20.c */,
				701F54012EC48FBB00BA01BE /* chachapoly.c */,
				701F54022EC48FBB00BA01BE /* check_crypto_config.h */,
				701F54032EC48FBB00BA01BE /* cipher.c */,
				701F54042EC48FBB00BA01BE /* cipher_invasive.h */,
				701F54052EC48FBB00BA01BE /* cipher_wrap.h */,
				701F54062EC48FBB00BA01BE /* cipher_wrap.c */,
				701F54072EC48FBB00BA01BE /* cmac.c */,
				701F54082EC48FBB00BA01BE /* CMakeLists.txt */,
				701F54092EC48FBB00BA01BE /* common.h */,
				701F540A2EC48FBB00BA01BE /* constant_time.c */,
				701F540B2EC48FBB00BA01BE /* constant_time_impl.h */,
				701F540C2EC48FBB00BA01BE /* constant_time_internal.h */,
				701F540D2EC48FBB00BA01BE /* ctr.h */,
				701F540E2EC48FBB00BA01BE /* ctr_drbg.c */,
				701F540F2EC48FBB00BA01BE /* debug.c */,
				701F54102EC48FBB00BA01BE /* debug_internal.h */,
				701F54112EC48FBB00BA01BE /* des.c */,
				701F54122EC48FBB00BA01BE /* dhm.c */,
				701F54132EC48FBB00BA01BE /* ecdh.c */,
				701F54142EC48FBB00BA01BE /* ecdsa.c */,
				701F54152EC48FBB00BA01BE /* ecjpake.c */,
				701F54162EC48FBB00BA01BE /* ecp.c */,
				701F54172EC48FBB00BA01BE /* ecp_curves.c */,
				701F54182EC48FBB00BA01BE /* ecp_curves_new.c */,
				701F54192EC48FBB00BA01BE /* ecp_internal_alt.h */,
				701F541A2EC48FBB00BA01BE /* ecp_invasive.h */,
				701F541B2EC48FBB00BA01BE /* entropy.c */,
				701F541C2EC48FBB00BA01BE /* entropy_poll.h */,
				701F541D2EC48FBB00BA01BE /* entropy_poll.c */,
				701F541E2EC48FBB00BA01BE /* error.c */,
				701F541F2EC48FBB00BA01BE /* gcm.c */,
				701F54202EC48FBB00BA01BE /* hkdf.c */,
				701F54212EC48FBB00BA01BE /* hmac_drbg.c */,
				701F54222EC48FBB00BA01BE /* lmots.h */,
				701F54232EC48FBB00BA01BE /* lmots.c */,
				701F54242EC48FBB00BA01BE /* lms.c */,
				701F54252EC48FBB00BA01BE /* Makefile */,
				701F54262EC48FBB00BA01BE /* md.c */,
				701F54272EC48FBB00BA01BE /* md_psa.h */,
				701F54282EC48FBB00BA01BE /* md_wrap.h */,
				701F54292EC48FBB00BA01BE /* md5.c */,
				701F542A2EC48FBB00BA01BE /* memory_buffer_alloc.c */,
				701F542B2EC48FBB00BA01BE /* mps_common.h */,
				701F542C2EC48FBB00BA01BE /* mps_error.h */,
				701F542D2EC48FBB00BA01BE /* mps_reader.h */,
				701F542E2EC48FBB00BA01BE /* mps_reader.c */,
				701F542F2EC48FBB00BA01BE /* mps_trace.h */,
				701F54302EC48FBB00BA01BE /* mps_trace.c */,
				701F54312EC48FBB00BA01BE /* net_sockets.c */,
				701F54322EC48FBB00BA01BE /* nist_kw.c */,
				701F54332EC48FBB00BA01BE /* oid.c */,
				701F54342EC48FBB00BA01BE /* padlock.h */,
				701F54352EC48FBB00BA01BE /* padlock.c */,
				701F54362EC48FBB00BA01BE /* pem.c */,
				701F54372EC48FBB00BA01BE /* pk.c */,
				701F54382EC48FBB00BA01BE /* pk_ecc.c */,
				701F54392EC48FBB00BA01BE /* pk_internal.h */,
				701F543A2EC48FBB00BA01BE /* pk_wrap.h */,
				701F543B2EC48FBB00BA01BE /* pk_wrap.c */,
				701F543C2EC48FBB00BA01BE /* pkcs5.c */,
				701F543D2EC48FBB00BA01BE /* pkcs7.c */,
				701F543E2EC48FBB00BA01BE /* pkcs12.c */,
				701F543F2EC48FBB00BA01BE /* pkparse.c */,
				701F54402EC48FBB00BA01BE /* pkwrite.h */,
				701F54412EC48FBB00BA01BE /* pkwrite.c */,
				701F54422EC48FBB00BA01BE /* platform.c */,
				701F54432EC48FBB00BA01BE /* platform_util.c */,
				701F54442EC48FBB00BA01BE /* poly1305.c */,
				701F54452EC48FBB00BA01BE /* psa_crypto.c */,
				701F54462EC48FBB00BA01BE /* psa_crypto_aead.h */,
				701F54472EC48FBB00BA01BE /* psa_crypto_aead.c */,
				701F54482EC48FBB00BA01BE /* psa_crypto_cipher.h */,
				701F54492EC48FBB00BA01BE /* psa_crypto_cipher.c */,
				701F544A2EC48FBB00BA01BE /* psa_crypto_client.c */,
				701F544B2EC48FBB00BA01BE /* psa_crypto_core.h */,
				701F544C2EC48FBB00BA01BE /* psa_crypto_core_common.h */,
				701F544D2EC48FBB00BA01BE /* psa_crypto_driver_wrappers.h */,
				701F544E2EC48FBB00BA01BE /* psa_crypto_driver_wrappers_no_static.h */,
				701F544F2EC48FBB00BA01BE /* psa_crypto_driver_wrappers_no_static.c */,
				701F54502EC48FBB00BA01BE /* psa_crypto_ecp.h */,
				701F54512EC48FBB00BA01BE /* psa_crypto_ecp.c */,
				701F54522EC48FBB00BA01BE /* psa_crypto_ffdh.h */,
				701F54532EC48FBB00BA01BE /* psa_crypto_ffdh.c */,
				701F54542EC48FBB00BA01BE /* psa_crypto_hash.h */,
				701F54552EC48FBB00BA01BE /* psa_crypto_hash.c */,
				701F54562EC48FBB00BA01BE /* psa_crypto_invasive.h */,
				701F54572EC48FBB00BA01BE /* psa_crypto_its.h */,
				701F54582EC48FBB00BA01BE /* psa_crypto_mac.h */,
				701F54592EC48FBB00BA01BE /* psa_crypto_mac.c */,
				701F545A2EC48FBB00BA01BE /* psa_crypto_pake.h */,
				701F545B2EC48FBB00BA01BE /* psa_crypto_pake.c */,
				701F545C2EC48FBB00BA01BE /* psa_crypto_random_impl.h */,
				701F545D2EC48FBB00BA01BE /* psa_crypto_rsa.h */,
				701F545E2EC48FBB00BA01BE /* psa_crypto_rsa.c */,
				701F545F2EC48FBB00BA01BE /* psa_crypto_se.h */,
				701F54602EC48FBB00BA01BE /* psa_crypto_se.c */,
				701F54612EC48FBB00BA01BE /* psa_crypto_slot_management.h */,
				701F54622EC48FBB00BA01BE /* psa_crypto_slot_management.c */,
				701F54632EC48FBB00BA01BE /* psa_crypto_storage.h */,
				701F54642EC48FBB00BA01BE /* psa_crypto_storage.c */,
				701F54652EC48FBB00BA01BE /* psa_its_file.c */,
				701F54662EC48FBB00BA01BE /* psa_util.c */,
				701F54672EC48FBB00BA01BE /* psa_util_internal.h */,
				701F54682EC48FBB00BA01BE /* ripemd160.c */,
				701F54692EC48FBB00BA01BE /* rsa.c */,
				701F546A2EC48FBB00BA01BE /* rsa_alt_helpers.h */,
				701F546B2EC48FBB00BA01BE /* rsa_alt_helpers.c */,
				701F546C2EC48FBB00BA01BE /* rsa_internal.h */,
				701F546D2EC48FBB00BA01BE /* sha1.c */,
				701F546E2EC48FBB00BA01BE /* sha3.c */,
				701F546F2EC48FBB00BA01BE /* sha256.c */,
				701F54702EC48FBB00BA01BE /* sha512.c */,
				701F54712EC48FBB00BA01BE /* ssl_cache.c */,
				701F54722EC48FBB00BA01BE /* ssl_ciphersuites.c */,
				701F54732EC48FBB00BA01BE /* ssl_ciphersuites_internal.h */,
				701F54742EC48FBB00BA01BE /* ssl_client.h */,
				701F54752EC48FBB00BA01BE /* ssl_client.c */,
				701F54762EC48FBB00BA01BE /* ssl_cookie.c */,
				701F54772EC48FBB00BA01BE /* ssl_debug_helpers.h */,
				701F54782EC48FBB00BA01BE /* ssl_debug_helpers_generated.c */,
				701F54792EC48FBB00BA01BE /* ssl_misc.h */,
				701F547A2EC48FBB00BA01BE /* ssl_msg.c */,
				701F547B2EC48FBB00BA01BE /* ssl_ticket.c */,
				701F547C2EC48FBB00BA01BE /* ssl_tls.c */,
				701F547D2EC48FBB00BA01BE /* ssl_tls12_client.c */,
				701F547E2EC48FBB00BA01BE /* ssl_tls12_server.c */,
				701F547F2EC48FBB00BA01BE /* ssl_tls13_client.c */,
				701F54802EC48FBB00BA01BE /* ssl_tls13_generic.c */,
				701F54812EC48FBB00BA01BE /* ssl_tls13_invasive.h */,
				701F54822EC48FBB00BA01BE /* ssl_tls13_keys.h */,
				701F54832EC48FBB00BA01BE /* ssl_tls13_keys.c */,
				701F54842EC48FBB00BA01BE /* ssl_tls13_server.c */,
				701F54852EC48FBB00BA01BE /* threading.c */,
				701F54862EC48FBB00BA01BE /* threading_internal.h */,
				701F54872EC48FBB00BA01BE /* timing.c */,
				701F54882EC48FBB00BA01BE /* version.c */,
				701F54892EC48FBB00BA01BE /* version_features.c */,
				701F548A2EC48FBB00BA01BE /* x509.c */,
				701F548B2EC48FBB00BA01BE /* x509_create.c */,
				701F548C2EC48FBB00BA01BE /* x509_crl.c */,
				701F548D2EC48FBB00BA01BE /* x509_crt.c */,
				701F548E2EC48FBB00BA01BE /* x509_csr.c */,
				701F548F2EC48FBB00BA01BE /* x509_internal.h */,
				701F54902EC48FBB00BA01BE /* x509write.c */,
				701F54912EC48FBB00BA01BE /* x509write_crt.c */,
				701F54922EC48FBB00BA01BE /* x509write_csr.c */,
			);
			name = src;
			sourceTree = "<group>";
		};
		7002489B2340E83600112D2A /* include */ = {
			isa = PBXGroup;
			children = (
				701F55302EC4906000BA01BE /* psa */,
				700248EA2340E87400112D2A /* mbedtls */,
			);
			name = include;
			sourceTree = "<group>";
		};
		700248EA2340E87400112D2A /* mbedtls */ = {
			isa = PBXGroup;
			children = (
				701F539C2EC48F8A00BA01BE /* aes.h */,
				701F539D2EC48F8A00BA01BE /* aria.h */,
				701F539E2EC48F8A00BA01BE /* asn1.h */,
				701F539F2EC48F8A00BA01BE /* asn1write.h */,
				701F53A02EC48F8A00BA01BE /* base64.h */,
				701F53A12EC48F8A00BA01BE /* bignum.h */,
				701F53A22EC48F8A00BA01BE /* block_cipher.h */,
				701F53A32EC48F8A00BA01BE /* build_info.h */,
				701F53A42EC48F8A00BA01BE /* camellia.h */,
				701F53A52EC48F8A00BA01BE /* ccm.h */,
				701F53A62EC48F8A00BA01BE /* chacha20.h */,
				701F53A72EC48F8A00BA01BE /* chachapoly.h */,
				701F53A82EC48F8A00BA01BE /* check_config.h */,
				701F53A92EC48F8A00BA01BE /* cipher.h */,
				701F53AA2EC48F8A00BA01BE /* cmac.h */,
				701F53AB2EC48F8A00BA01BE /* compat-2.x.h */,
				701F53AC2EC48F8A00BA01BE /* config_adjust_legacy_crypto.h */,
				701F53AD2EC48F8A00BA01BE /* config_adjust_legacy_from_psa.h */,
				701F53AE2EC48F8A00BA01BE /* config_adjust_psa_from_legacy.h */,
				701F53AF2EC48F8A00BA01BE /* config_adjust_psa_superset_legacy.h */,
				701F53B02EC48F8A00BA01BE /* config_adjust_ssl.h */,
				701F53B12EC48F8A00BA01BE /* config_adjust_x509.h */,
				701F53B22EC48F8A00BA01BE /* config_psa.h */,
				701F53B32EC48F8A00BA01BE /* constant_time.h */,
				701F53B42EC48F8A00BA01BE /* ctr_drbg.h */,
				701F53B52EC48F8A00BA01BE /* debug.h */,
				701F53B62EC48F8A00BA01BE /* des.h */,
				701F53B72EC48F8A00BA01BE /* dhm.h */,
				701F53B82EC48F8A00BA01BE /* ecdh.h */,
				701F53B92EC48F8A00BA01BE /* ecdsa.h */,
				701F53BA2EC48F8A00BA01BE /* ecjpake.h */,
				701F53BB2EC48F8A00BA01BE /* ecp.h */,
				701F53BC2EC48F8A00BA01BE /* entropy.h */,
				701F53BD2EC48F8A00BA01BE /* error.h */,
				701F53BE2EC48F8A00BA01BE /* gcm.h */,
				701F53BF2EC48F8A00BA01BE /* hkdf.h */,
				701F53C02EC48F8A00BA01BE /* hmac_drbg.h */,
				701F53C12EC48F8A00BA01BE /* lms.h */,
				701F53C22EC48F8A00BA01BE /* mbedtls_config.h */,
				701F53C32EC48F8A00BA01BE /* md.h */,
				701F53C42EC48F8A00BA01BE /* md5.h */,
				701F53C52EC48F8A00BA01BE /* memory_buffer_alloc.h */,
				701F53C62EC48F8A00BA01BE /* net_sockets.h */,
				701F53C72EC48F8A00BA01BE /* nist_kw.h */,
				701F53C82EC48F8A00BA01BE /* oid.h */,
				701F53C92EC48F8A00BA01BE /* pem.h */,
				701F53CA2EC48F8A00BA01BE /* pk.h */,
				701F53CB2EC48F8A00BA01BE /* pkcs5.h */,
				701F53CC2EC48F8A00BA01BE /* pkcs7.h */,
				701F53CD2EC48F8A00BA01BE /* pkcs12.h */,
				701F53CE2EC48F8A00BA01BE /* platform.h */,
				701F53CF2EC48F8A00BA01BE /* platform_time.h */,
				701F53D02EC48F8A00BA01BE /* platform_util.h */,
				701F53D12EC48F8A00BA01BE /* poly1305.h */,
				701F53D22EC48F8A00BA01BE /* private_access.h */,
				701F53D32EC48F8A00BA01BE /* psa_util.h */,
				701F53D42EC48F8A00BA01BE /* ripemd160.h */,
				701F53D52EC48F8A00BA01BE /* rsa.h */,
				701F53D62EC48F8A00BA01BE /* sha1.h */,
				701F53D72EC48F8A00BA01BE /* sha3.h */,
				701F53D82EC48F8A00BA01BE /* sha256.h */,
				701F53D92EC48F8A00BA01BE /* sha512.h */,
				701F53DA2EC48F8A00BA01BE /* ssl.h */,
				701F53DB2EC48F8A00BA01BE /* ssl_cache.h */,
				701F53DC2EC48F8A00BA01BE /* ssl_ciphersuites.h */,
				701F53DD2EC48F8A00BA01BE /* ssl_cookie.h */,
				701F53DE2EC48F8A00BA01BE /* ssl_ticket.h */,
				701F53DF2EC48F8A00BA01BE /* threading.h */,
				701F53E02EC48F8A00BA01BE /* timing.h */,
				701F53E12EC48F8A00BA01BE /* version.h */,
				701F53E22EC48F8A00BA01BE /* x509.h */,
				701F53E32EC48F8A00BA01BE /* x509_crl.h */,
				701F53E42EC48F8A00BA01BE /* x509_crt.h */,
				701F53E52EC48F8A00BA01BE /* x509_csr.h */,
			);
			name = mbedtls;
			sourceTree = "<group>";
		};
		701F55302EC4906000BA01BE /* psa */ = {
			isa = PBXGroup;
			children = (
				701F55192EC4906000BA01BE /* build_info.h */,
				701F551A2EC4906000BA01BE /* crypto.h */,
				701F551B2EC4906000BA01BE /* crypto_adjust_auto_enabled.h */,
				701F551C2EC4906000BA01BE /* crypto_adjust_config_dependencies.h */,
				701F551D2EC4906000BA01BE /* crypto_adjust_config_key_pair_types.h */,
				701F551E2EC4906000BA01BE /* crypto_adjust_config_synonyms.h */,
				701F551F2EC4906000BA01BE /* crypto_builtin_composites.h */,
				701F55202EC4906000BA01BE /* crypto_builtin_key_derivation.h */,
				701F55212EC4906000BA01BE /* crypto_builtin_primitives.h */,
				701F55222EC4906000BA01BE /* crypto_compat.h */,
				701F55232EC4906000BA01BE /* crypto_config.h */,
				701F55242EC4906000BA01BE /* crypto_driver_common.h */,
				701F55252EC4906000BA01BE /* crypto_driver_contexts_composites.h */,
				701F55262EC4906000BA01BE /* crypto_driver_contexts_key_derivation.h */,
				701F55272EC4906000BA01BE /* crypto_driver_contexts_primitives.h */,
				701F55282EC4906000BA01BE /* crypto_extra.h */,
				701F55292EC4906000BA01BE /* crypto_legacy.h */,
				701F552A2EC4906000BA01BE /* crypto_platform.h */,
				701F552B2EC4906000BA01BE /* crypto_se_driver.h */,
				701F552C2EC4906000BA01BE /* crypto_sizes.h */,
				701F552D2EC4906000BA01BE /* crypto_struct.h */,
				701F552E2EC4906000BA01BE /* crypto_types.h */,
				701F552F2EC4906000BA01BE /* crypto_values.h */,
			);
			name = psa;
			path = ../include/psa;
			sourceTree = SOURCE_ROOT;
		};
/* End PBXGroup section */

/* Begin PBXNativeTarget section */
		700248112340E59700112D2A /* mbedtls */ = {
			isa = PBXNativeTarget;
			buildConfigurationList = 7002481B2340E59700112D2A /* Build configuration list for PBXNativeTarget "mbedtls" */;
			buildPhases = (
				7002480E2340E59700112D2A /* Sources */,
				7002480F2340E59700112D2A /* Frameworks */,
				700248102340E59700112D2A /* Copy Files */,
			);
			buildRules = (
			);
			dependencies = (
			);
			name = mbedtls;
			productName = mbedtls;
			productReference = 700248122340E59700112D2A /* libmbedtls.a */;
			productType = "com.apple.product-type.library.static";
		};
/* End PBXNativeTarget section */

/* Begin PBXProject section */
		7002480A2340E59700112D2A /* Project object */ = {
			isa = PBXProject;
			attributes = {
				LastUpgradeCheck = 1030;
				ORGANIZATIONNAME = iqiyi;
				TargetAttributes = {
					700248112340E59700112D2A = {
						CreatedOnToolsVersion = 10.3;
					};
				};
			};
			buildConfigurationList = 7002480D2340E59700112D2A /* Build configuration list for PBXProject "mbedtls" */;
			compatibilityVersion = "Xcode 9.3";
			developmentRegion = en;
			hasScannedForEncodings = 0;
			knownRegions = (
				en,
			);
			mainGroup = 700248092340E59700112D2A;
			productRefGroup = 700248132340E59700112D2A /* Products */;
			projectDirPath = "";
			projectRoot = "";
			targets = (
				700248112340E59700112D2A /* mbedtls */,
			);
		};
/* End PBXProject section */

/* Begin PBXSourcesBuildPhase section */
		7002480E2340E59700112D2A /* Sources */ = {
			isa = PBXSourcesBuildPhase;
			buildActionMask = 2147483647;
			files = (
				700248172340E59700112D2A /* mbedtls.m in Sources */,
				701F54932EC48FBB00BA01BE /* psa_crypto_pake.c in Sources */,
				701F54942EC48FBB00BA01BE /* psa_crypto_storage.c in Sources */,
				701F54952EC48FBB00BA01BE /* ecp_curves.c in Sources */,
				701F54962EC48FBB00BA01BE /* x509_crt.c in Sources */,
				701F54972EC48FBB00BA01BE /* asn1write.c in Sources */,
				701F54982EC48FBB00BA01BE /* ssl_cookie.c in Sources */,
				701F54992EC48FBB00BA01BE /* pk.c in Sources */,
				701F549A2EC48FBB00BA01BE /* psa_crypto_hash.c in Sources */,
				701F549B2EC48FBB00BA01BE /* psa_crypto_cipher.c in Sources */,
				701F549C2EC48FBB00BA01BE /* version_features.c in Sources */,
				701F549D2EC48FBB00BA01BE /* psa_crypto.c in Sources */,
				701F549E2EC48FBB00BA01BE /* oid.c in Sources */,
				701F549F2EC48FBB00BA01BE /* x509write_csr.c in Sources */,
				701F54A02EC48FBB00BA01BE /* aes.c in Sources */,
				701F54A12EC48FBB00BA01BE /* nist_kw.c in Sources */,
				701F54A22EC48FBB00BA01BE /* pem.c in Sources */,
				701F54A32EC48FBB00BA01BE /* ssl_tls13_server.c in Sources */,
				701F54A42EC48FBB00BA01BE /* dhm.c in Sources */,
				701F54A52EC48FBB00BA01BE /* x509write_crt.c in Sources */,
				701F54A62EC48FBB00BA01BE /* ssl_tls13_keys.c in Sources */,
				701F54A72EC48FBB00BA01BE /* ecjpake.c in Sources */,
				701F54A82EC48FBB00BA01BE /* mps_trace.c in Sources */,
				701F54A92EC48FBB00BA01BE /* lms.c in Sources */,
				701F54AA2EC48FBB00BA01BE /* constant_time.c in Sources */,
				701F54AB2EC48FBB00BA01BE /* hmac_drbg.c in Sources */,
				701F54AC2EC48FBB00BA01BE /* psa_crypto_aead.c in Sources */,
				701F54AD2EC48FBB00BA01BE /* rsa.c in Sources */,
				701F54AE2EC48FBB00BA01BE /* ssl_tls13_generic.c in Sources */,
				701F54AF2EC48FBB00BA01BE /* aria.c in Sources */,
				701F54B02EC48FBB00BA01BE /* bignum_mod_raw.c in Sources */,
				701F54B12EC48FBB00BA01BE /* ecdsa.c in Sources */,
				701F54B22EC48FBB00BA01BE /* memory_buffer_alloc.c in Sources */,
				701F54B32EC48FBB00BA01BE /* sha256.c in Sources */,
				701F54B42EC48FBB00BA01BE /* x509_create.c in Sources */,
				701F54B52EC48FBB00BA01BE /* ssl_tls12_client.c in Sources */,
				701F54B62EC48FBB00BA01BE /* asn1parse.c in Sources */,
				701F54B72EC48FBB00BA01BE /* des.c in Sources */,
				701F54B82EC48FBB00BA01BE /* x509_csr.c in Sources */,
				701F54B92EC48FBB00BA01BE /* ccm.c in Sources */,
				701F54BA2EC48FBB00BA01BE /* ssl_msg.c in Sources */,
				701F54BB2EC48FBB00BA01BE /* debug.c in Sources */,
				701F54BC2EC48FBB00BA01BE /* net_sockets.c in Sources */,
				701F54BD2EC48FBB00BA01BE /* Makefile in Sources */,
				701F54BE2EC48FBB00BA01BE /* ssl_tls13_client.c in Sources */,
				701F54BF2EC48FBB00BA01BE /* bignum_core.c in Sources */,
				701F54C02EC48FBB00BA01BE /* pk_ecc.c in Sources */,
				701F54C12EC48FBB00BA01BE /* ripemd160.c in Sources */,
				701F54C22EC48FBB00BA01BE /* x509write.c in Sources */,
				701F54C32EC48FBB00BA01BE /* md.c in Sources */,
				701F54C42EC48FBB00BA01BE /* entropy_poll.c in Sources */,
				701F54C52EC48FBB00BA01BE /* lmots.c in Sources */,
				701F54C62EC48FBB00BA01BE /* ecdh.c in Sources */,
				701F54C72EC48FBB00BA01BE /* sha512.c in Sources */,
				701F54C82EC48FBB00BA01BE /* ssl_cache.c in Sources */,
				701F54C92EC48FBB00BA01BE /* ssl_tls12_server.c in Sources */,
				701F54CA2EC48FBB00BA01BE /* error.c in Sources */,
				701F54CB2EC48FBB00BA01BE /* aesni.c in Sources */,
				701F54CC2EC48FBB00BA01BE /* gcm.c in Sources */,
				701F54CD2EC48FBB00BA01BE /* pkcs7.c in Sources */,
				701F54CE2EC48FBB00BA01BE /* block_cipher.c in Sources */,
				701F54CF2EC48FBB00BA01BE /* md5.c in Sources */,
				701F54D02EC48FBB00BA01BE /* chachapoly.c in Sources */,
				701F54D12EC48FBB00BA01BE /* hkdf.c in Sources */,
				701F54D22EC48FBB00BA01BE /* pk_wrap.c in Sources */,
				701F54D32EC48FBB00BA01BE /* psa_crypto_rsa.c in Sources */,
				701F54D42EC48FBB00BA01BE /* mps_reader.c in Sources */,
				701F54D52EC48FBB00BA01BE /* psa_crypto_ecp.c in Sources */,
				701F54D62EC48FBB00BA01BE /* camellia.c in Sources */,
				701F54D72EC48FBB00BA01BE /* ssl_client.c in Sources */,
				701F54D82EC48FBB00BA01BE /* ecp.c in Sources */,
				701F54D92EC48FBB00BA01BE /* psa_crypto_driver_wrappers_no_static.c in Sources */,
				701F54DA2EC48FBB00BA01BE /* psa_crypto_slot_management.c in Sources */,
				701F54DB2EC48FBB00BA01BE /* platform_util.c in Sources */,
				701F54DC2EC48FBB00BA01BE /* psa_crypto_mac.c in Sources */,
				701F54DD2EC48FBB00BA01BE /* chacha20.c in Sources */,
				701F54DE2EC48FBB00BA01BE /* ssl_ciphersuites.c in Sources */,
				701F54DF2EC48FBB00BA01BE /* base64.c in Sources */,
				701F54E02EC48FBB00BA01BE /* poly1305.c in Sources */,
				701F54E12EC48FBB00BA01BE /* ctr_drbg.c in Sources */,
				701F54E22EC48FBB00BA01BE /* ssl_ticket.c in Sources */,
				701F54E32EC48FBB00BA01BE /* ssl_tls.c in Sources */,
				701F54E42EC48FBB00BA01BE /* cmac.c in Sources */,
				701F54E52EC48FBB00BA01BE /* entropy.c in Sources */,
				701F54E62EC48FBB00BA01BE /* bignum.c in Sources */,
				701F54E72EC48FBB00BA01BE /* psa_its_file.c in Sources */,
				701F54E82EC48FBB00BA01BE /* threading.c in Sources */,
				701F54E92EC48FBB00BA01BE /* x509_crl.c in Sources */,
				701F54EA2EC48FBB00BA01BE /* psa_crypto_se.c in Sources */,
				701F54EB2EC48FBB00BA01BE /* version.c in Sources */,
				701F54EC2EC48FBB00BA01BE /* pkcs12.c in Sources */,
				701F54ED2EC48FBB00BA01BE /* pkparse.c in Sources */,
				701F54EE2EC48FBB00BA01BE /* platform.c in Sources */,
				701F54EF2EC48FBB00BA01BE /* aesce.c in Sources */,
				701F54F02EC48FBB00BA01BE /* cipher_wrap.c in Sources */,
				701F54F12EC48FBB00BA01BE /* padlock.c in Sources */,
				701F54F22EC48FBB00BA01BE /* psa_util.c in Sources */,
				701F54F32EC48FBB00BA01BE /* ssl_debug_helpers_generated.c in Sources */,
				701F54F42EC48FBB00BA01BE /* ecp_curves_new.c in Sources */,
				701F54F52EC48FBB00BA01BE /* bignum_mod.c in Sources */,
				701F54F62EC48FBB00BA01BE /* psa_crypto_client.c in Sources */,
				701F54F72EC48FBB00BA01BE /* cipher.c in Sources */,
				701F54F82EC48FBB00BA01BE /* pkwrite.c in Sources */,
				701F54F92EC48FBB00BA01BE /* psa_crypto_ffdh.c in Sources */,
				701F54FA2EC48FBB00BA01BE /* rsa_alt_helpers.c in Sources */,
				701F54FB2EC48FBB00BA01BE /* timing.c in Sources */,
				701F54FC2EC48FBB00BA01BE /* pkcs5.c in Sources */,
				701F54FD2EC48FBB00BA01BE /* sha1.c in Sources */,
				701F54FE2EC48FBB00BA01BE /* sha3.c in Sources */,
				701F54FF2EC48FBB00BA01BE /* x509.c in Sources */,
			);
			runOnlyForDeploymentPostprocessing = 0;
		};
/* End PBXSourcesBuildPhase section */

/* Begin XCBuildConfiguration section */
		700248192340E59700112D2A /* Debug */ = {
			isa = XCBuildConfiguration;
			buildSettings = {
				ALWAYS_SEARCH_USER_PATHS = NO;
				CLANG_ANALYZER_NONNULL = YES;
				CLANG_ANALYZER_NUMBER_OBJECT_CONVERSION = YES_AGGRESSIVE;
				CLANG_CXX_LANGUAGE_STANDARD = "gnu++14";
				CLANG_CXX_LIBRARY = "libc++";
				CLANG_ENABLE_MODULES = YES;
				CLANG_ENABLE_OBJC_ARC = YES;
				CLANG_ENABLE_OBJC_WEAK = YES;
				CLANG_WARN_BLOCK_CAPTURE_AUTORELEASING = YES;
				CLANG_WARN_BOOL_CONVERSION = YES;
				CLANG_WARN_COMMA = YES;
				CLANG_WARN_CONSTANT_CONVERSION = YES;
				CLANG_WARN_DEPRECATED_OBJC_IMPLEMENTATIONS = YES;
				CLANG_WARN_DIRECT_OBJC_ISA_USAGE = YES_ERROR;
				CLANG_WARN_DOCUMENTATION_COMMENTS = YES;
				CLANG_WARN_EMPTY_BODY = YES;
				CLANG_WARN_ENUM_CONVERSION = YES;
				CLANG_WARN_INFINITE_RECURSION = YES;
				CLANG_WARN_INT_CONVERSION = YES;
				CLANG_WARN_NON_LITERAL_NULL_CONVERSION = YES;
				CLANG_WARN_OBJC_IMPLICIT_RETAIN_SELF = YES;
				CLANG_WARN_OBJC_LITERAL_CONVERSION = YES;
				CLANG_WARN_OBJC_ROOT_CLASS = YES_ERROR;
				CLANG_WARN_RANGE_LOOP_ANALYSIS = YES;
				CLANG_WARN_STRICT_PROTOTYPES = YES;
				CLANG_WARN_SUSPICIOUS_MOVE = YES;
				CLANG_WARN_UNGUARDED_AVAILABILITY = YES_AGGRESSIVE;
				CLANG_WARN_UNREACHABLE_CODE = YES;
				CLANG_WARN__DUPLICATE_METHOD_MATCH = YES;
				CODE_SIGN_IDENTITY = "iPhone Developer";
				COPY_PHASE_STRIP = NO;
				DEBUG_INFORMATION_FORMAT = dwarf;
				ENABLE_STRICT_OBJC_MSGSEND = YES;
				ENABLE_TESTABILITY = YES;
				GCC_C_LANGUAGE_STANDARD = gnu11;
				GCC_DYNAMIC_NO_PIC = NO;
				GCC_NO_COMMON_BLOCKS = YES;
				GCC_OPTIMIZATION_LEVEL = 0;
				GCC_PREPROCESSOR_DEFINITIONS = (
					"DEBUG=1",
					"$(inherited)",
				);
				GCC_WARN_64_TO_32_BIT_CONVERSION = YES;
				GCC_WARN_ABOUT_RETURN_TYPE = YES_ERROR;
				GCC_WARN_UNDECLARED_SELECTOR = YES;
				GCC_WARN_UNINITIALIZED_AUTOS = YES_AGGRESSIVE;
				GCC_WARN_UNUSED_FUNCTION = YES;
				GCC_WARN_UNUSED_VARIABLE = YES;
				HEADER_SEARCH_PATHS = ../include;
				IPHONEOS_DEPLOYMENT_TARGET = 8.0;
				LLVM_LTO = YES_THIN;
				MTL_ENABLE_DEBUG_INFO = INCLUDE_SOURCE;
				MTL_FAST_MATH = YES;
				ONLY_ACTIVE_ARCH = YES;
				OTHER_CFLAGS = (
					"-fvisibility=hidden",
					"-fvisibility-inlines-hidden",
					"-Os",
					"-fdata-sections",
					"-ffunction-sections",
					"-Wno-documentation-deprecated-sync",
				);
				SDKROOT = iphoneos;
				VALID_ARCHS = "arm64 x86_64 i386 armv7";
				WARNING_CFLAGS = "-Wno-documentation-deprecated-sync";
			};
			name = Debug;
		};
		7002481A2340E59700112D2A /* Release */ = {
			isa = XCBuildConfiguration;
			buildSettings = {
				ALWAYS_SEARCH_USER_PATHS = NO;
				CLANG_ANALYZER_NONNULL = YES;
				CLANG_ANALYZER_NUMBER_OBJECT_CONVERSION = YES_AGGRESSIVE;
				CLANG_CXX_LANGUAGE_STANDARD = "gnu++14";
				CLANG_CXX_LIBRARY = "libc++";
				CLANG_ENABLE_MODULES = YES;
				CLANG_ENABLE_OBJC_ARC = YES;
				CLANG_ENABLE_OBJC_WEAK = YES;
				CLANG_WARN_BLOCK_CAPTURE_AUTORELEASING = YES;
				CLANG_WARN_BOOL_CONVERSION = YES;
				CLANG_WARN_COMMA = YES;
				CLANG_WARN_CONSTANT_CONVERSION = YES;
				CLANG_WARN_DEPRECATED_OBJC_IMPLEMENTATIONS = YES;
				CLANG_WARN_DIRECT_OBJC_ISA_USAGE = YES_ERROR;
				CLANG_WARN_DOCUMENTATION_COMMENTS = YES;
				CLANG_WARN_EMPTY_BODY = YES;
				CLANG_WARN_ENUM_CONVERSION = YES;
				CLANG_WARN_INFINITE_RECURSION = YES;
				CLANG_WARN_INT_CONVERSION = YES;
				CLANG_WARN_NON_LITERAL_NULL_CONVERSION = YES;
				CLANG_WARN_OBJC_IMPLICIT_RETAIN_SELF = YES;
				CLANG_WARN_OBJC_LITERAL_CONVERSION = YES;
				CLANG_WARN_OBJC_ROOT_CLASS = YES_ERROR;
				CLANG_WARN_RANGE_LOOP_ANALYSIS = YES;
				CLANG_WARN_STRICT_PROTOTYPES = YES;
				CLANG_WARN_SUSPICIOUS_MOVE = YES;
				CLANG_WARN_UNGUARDED_AVAILABILITY = YES_AGGRESSIVE;
				CLANG_WARN_UNREACHABLE_CODE = YES;
				CLANG_WARN__DUPLICATE_METHOD_MATCH = YES;
				CODE_SIGN_IDENTITY = "iPhone Developer";
				COPY_PHASE_STRIP = NO;
				DEBUG_INFORMATION_FORMAT = "dwarf-with-dsym";
				ENABLE_NS_ASSERTIONS = NO;
				ENABLE_STRICT_OBJC_MSGSEND = YES;
				GCC_C_LANGUAGE_STANDARD = gnu11;
				GCC_NO_COMMON_BLOCKS = YES;
				GCC_WARN_64_TO_32_BIT_CONVERSION = YES;
				GCC_WARN_ABOUT_RETURN_TYPE = YES_ERROR;
				GCC_WARN_UNDECLARED_SELECTOR = YES;
				GCC_WARN_UNINITIALIZED_AUTOS = YES_AGGRESSIVE;
				GCC_WARN_UNUSED_FUNCTION = YES;
				GCC_WARN_UNUSED_VARIABLE = YES;
				HEADER_SEARCH_PATHS = ../include;
				IPHONEOS_DEPLOYMENT_TARGET = 8.0;
				LLVM_LTO = YES_THIN;
				MTL_ENABLE_DEBUG_INFO = NO;
				MTL_FAST_MATH = YES;
				OTHER_CFLAGS = (
					"-fvisibility=hidden",
					"-fvisibility-inlines-hidden",
					"-Os",
					"-fdata-sections",
					"-ffunction-sections",
					"-Wno-documentation-deprecated-sync",
				);
				SDKROOT = iphoneos;
				VALIDATE_PRODUCT = YES;
				VALID_ARCHS = "arm64 x86_64 i386 armv7";
				WARNING_CFLAGS = "-Wno-documentation-deprecated-sync";
			};
			name = Release;
		};
		7002481C2340E59700112D2A /* Debug */ = {
			isa = XCBuildConfiguration;
			buildSettings = {
				CODE_SIGN_STYLE = Automatic;
				GCC_GENERATE_DEBUGGING_SYMBOLS = YES;
				HEADER_SEARCH_PATHS = "$(inherited)";
				ONLY_ACTIVE_ARCH = YES;
				OTHER_CFLAGS = "$(inherited)";
				OTHER_LDFLAGS = "-ObjC";
				PRODUCT_NAME = "$(TARGET_NAME)";
				REGISTER_APP_GROUPS = NO;
				SKIP_INSTALL = YES;
				SUPPORTED_PLATFORMS = "iphoneos iphonesimulator macosx";
				SUPPORTS_MACCATALYST = YES;
				TARGETED_DEVICE_FAMILY = "1,2";
				VALID_ARCHS = "$(inherited)";
			};
			name = Debug;
		};
		7002481D2340E59700112D2A /* Release */ = {
			isa = XCBuildConfiguration;
			buildSettings = {
				CODE_SIGN_STYLE = Automatic;
				DEBUG_INFORMATION_FORMAT = "$(inherited)";
				GCC_GENERATE_DEBUGGING_SYMBOLS = NO;
				HEADER_SEARCH_PATHS = "$(inherited)";
				OTHER_CFLAGS = "$(inherited)";
				OTHER_LDFLAGS = "-ObjC";
				PRODUCT_NAME = "$(TARGET_NAME)";
				REGISTER_APP_GROUPS = NO;
				SKIP_INSTALL = YES;
				SUPPORTED_PLATFORMS = "iphoneos iphonesimulator macosx";
				SUPPORTS_MACCATALYST = YES;
				TARGETED_DEVICE_FAMILY = "1,2";
				VALID_ARCHS = "$(inherited)";
			};
			name = Release;
		};
/* End XCBuildConfiguration section */

/* Begin XCConfigurationList section */
		7002480D2340E59700112D2A /* Build configuration list for PBXProject "mbedtls" */ = {
			isa = XCConfigurationList;
			buildConfigurations = (
				700248192340E59700112D2A /* Debug */,
				7002481A2340E59700112D2A /* Release */,
			);
			defaultConfigurationIsVisible = 0;
			defaultConfigurationName = Release;
		};
		7002481B2340E59700112D2A /* Build configuration list for PBXNativeTarget "mbedtls" */ = {
			isa = XCConfigurationList;
			buildConfigurations = (
				7002481C2340E59700112D2A /* Debug */,
				7002481D2340E59700112D2A /* Release */,
			);
			defaultConfigurationIsVisible = 0;
			defaultConfigurationName = Release;
		};
/* End XCConfigurationList section */
	};
	rootObject = 7002480A2340E59700112D2A /* Project object */;
}
